// !$*UTF8*$!
{
	archiveVersion = 1;
	classes = {
	};
	objectVersion = 46;
	objects = {

/* Begin PBXBuildFile section */
		7862A62C5D3B4C578CFE599B /* libPods.a in Frameworks */ = {isa = PBXBuildFile; fileRef = 99A22167648A4D17B6B04D1B /* libPods.a */; };
		8F089EC3198BB6B4009DF576 /* T3GroupItemView.m in Sources */ = {isa = PBXBuildFile; fileRef = 8F089EC2198BB6B4009DF576 /* T3GroupItemView.m */; };
		8F089EC5198BD48C009DF576 /* TimetableColors.plist in Resources */ = {isa = PBXBuildFile; fileRef = 8F089EC4198BD48C009DF576 /* TimetableColors.plist */; };
		8F089EC8198BE0DD009DF576 /* T3TimetableCell.m in Sources */ = {isa = PBXBuildFile; fileRef = 8F089EC7198BE0DD009DF576 /* T3TimetableCell.m */; };
		8F089ECD198EB8C2009DF576 /* T3TimetableShortCell.xib in Resources */ = {isa = PBXBuildFile; fileRef = 8F089ECC198EB8C2009DF576 /* T3TimetableShortCell.xib */; };
		8F089ECF198EB8FA009DF576 /* T3TimetableFullCell.xib in Resources */ = {isa = PBXBuildFile; fileRef = 8F089ECE198EB8FA009DF576 /* T3TimetableFullCell.xib */; };
		8F089ED1198EC059009DF576 /* T3LecturerCell.xib in Resources */ = {isa = PBXBuildFile; fileRef = 8F089ED0198EC059009DF576 /* T3LecturerCell.xib */; };
		8F089ED8198FE3A1009DF576 /* warning.png in Resources */ = {isa = PBXBuildFile; fileRef = 8F089ED6198FE3A1009DF576 /* warning.png */; };
		8F089ED9198FE3A1009DF576 /* warning@2x.png in Resources */ = {isa = PBXBuildFile; fileRef = 8F089ED7198FE3A1009DF576 /* warning@2x.png */; };
		8F089EDC198FF11F009DF576 /* emergencyicon.png in Resources */ = {isa = PBXBuildFile; fileRef = 8F089EDA198FF11F009DF576 /* emergencyicon.png */; };
		8F089EDD198FF11F009DF576 /* emergencyicon@2x.png in Resources */ = {isa = PBXBuildFile; fileRef = 8F089EDB198FF11F009DF576 /* emergencyicon@2x.png */; };
		8F089EE219900408009DF576 /* plus.png in Resources */ = {isa = PBXBuildFile; fileRef = 8F089EDE19900408009DF576 /* plus.png */; };
		8F089EE319900408009DF576 /* plus@2x.png in Resources */ = {isa = PBXBuildFile; fileRef = 8F089EDF19900408009DF576 /* plus@2x.png */; };
		8F089EE419900408009DF576 /* minus.png in Resources */ = {isa = PBXBuildFile; fileRef = 8F089EE019900408009DF576 /* minus.png */; };
		8F089EE519900408009DF576 /* minus@2x.png in Resources */ = {isa = PBXBuildFile; fileRef = 8F089EE119900408009DF576 /* minus@2x.png */; };
		8F0ACF8719506EB000B3643B /* Foundation.framework in Frameworks */ = {isa = PBXBuildFile; fileRef = 8F0ACF8619506EB000B3643B /* Foundation.framework */; };
		8F0ACF8919506EB000B3643B /* CoreGraphics.framework in Frameworks */ = {isa = PBXBuildFile; fileRef = 8F0ACF8819506EB000B3643B /* CoreGraphics.framework */; };
		8F0ACF8B19506EB000B3643B /* UIKit.framework in Frameworks */ = {isa = PBXBuildFile; fileRef = 8F0ACF8A19506EB000B3643B /* UIKit.framework */; };
		8F0ACF9119506EB000B3643B /* InfoPlist.strings in Resources */ = {isa = PBXBuildFile; fileRef = 8F0ACF8F19506EB000B3643B /* InfoPlist.strings */; };
		8F0ACF9319506EB000B3643B /* main.m in Sources */ = {isa = PBXBuildFile; fileRef = 8F0ACF9219506EB000B3643B /* main.m */; };
		8F0ACF9719506EB000B3643B /* T3AppDelegate.m in Sources */ = {isa = PBXBuildFile; fileRef = 8F0ACF9619506EB000B3643B /* T3AppDelegate.m */; };
		8F0ACF9A19506EB000B3643B /* Main_iPhone.storyboard in Resources */ = {isa = PBXBuildFile; fileRef = 8F0ACF9819506EB000B3643B /* Main_iPhone.storyboard */; };
		8F0ACF9D19506EB000B3643B /* Main_iPad.storyboard in Resources */ = {isa = PBXBuildFile; fileRef = 8F0ACF9B19506EB000B3643B /* Main_iPad.storyboard */; };
		8F0ACFA219506EB000B3643B /* Images.xcassets in Resources */ = {isa = PBXBuildFile; fileRef = 8F0ACFA119506EB000B3643B /* Images.xcassets */; };
		8F0ACFA919506EB000B3643B /* XCTest.framework in Frameworks */ = {isa = PBXBuildFile; fileRef = 8F0ACFA819506EB000B3643B /* XCTest.framework */; };
		8F0ACFAA19506EB000B3643B /* Foundation.framework in Frameworks */ = {isa = PBXBuildFile; fileRef = 8F0ACF8619506EB000B3643B /* Foundation.framework */; };
		8F0ACFAB19506EB000B3643B /* UIKit.framework in Frameworks */ = {isa = PBXBuildFile; fileRef = 8F0ACF8A19506EB000B3643B /* UIKit.framework */; };
		8F0ACFB319506EB000B3643B /* InfoPlist.strings in Resources */ = {isa = PBXBuildFile; fileRef = 8F0ACFB119506EB000B3643B /* InfoPlist.strings */; };
		8F0ACFB519506EB000B3643B /* TusurTimetableTests.m in Sources */ = {isa = PBXBuildFile; fileRef = 8F0ACFB419506EB000B3643B /* TusurTimetableTests.m */; };
		8F3968D11979702F00495104 /* T3SystemInfo+Extension.m in Sources */ = {isa = PBXBuildFile; fileRef = 8F3968D01979702F00495104 /* T3SystemInfo+Extension.m */; };
		8F8F93F41971AC2200BEA05B /* T3DepartmentsTableViewController.m in Sources */ = {isa = PBXBuildFile; fileRef = 8F8F93F31971AC2200BEA05B /* T3DepartmentsTableViewController.m */; };
		8F8F93F81971ACD200BEA05B /* T3DepartmentCell.m in Sources */ = {isa = PBXBuildFile; fileRef = 8F8F93F71971ACD200BEA05B /* T3DepartmentCell.m */; };
		8F8F93FB1971ACF200BEA05B /* T3DepartmentCell+T3Department.m in Sources */ = {isa = PBXBuildFile; fileRef = 8F8F93FA1971ACF200BEA05B /* T3DepartmentCell+T3Department.m */; };
		8FB866231957395C002BAA29 /* TusurTimetable.xcdatamodeld in Sources */ = {isa = PBXBuildFile; fileRef = 8FB866211957395C002BAA29 /* TusurTimetable.xcdatamodeld */; };
		8FB8663C19574AEF002BAA29 /* T3ServerObject.m in Sources */ = {isa = PBXBuildFile; fileRef = 8FB8663B19574AEF002BAA29 /* T3ServerObject.m */; };
		8FB8667A195B323C002BAA29 /* T3Lecturer+Server.m in Sources */ = {isa = PBXBuildFile; fileRef = 8FB86679195B323C002BAA29 /* T3Lecturer+Server.m */; };
		8FB8667D195B3251002BAA29 /* T3Group+Server.m in Sources */ = {isa = PBXBuildFile; fileRef = 8FB8667C195B3251002BAA29 /* T3Group+Server.m */; };
		8FB86680195B326A002BAA29 /* T3Department+Server.m in Sources */ = {isa = PBXBuildFile; fileRef = 8FB8667F195B326A002BAA29 /* T3Department+Server.m */; };
		8FB8668D19645F6D002BAA29 /* T3DownloadManager.m in Sources */ = {isa = PBXBuildFile; fileRef = 8FB8668C19645F6D002BAA29 /* T3DownloadManager.m */; };
		8FB866921964676B002BAA29 /* EGOCache.m in Sources */ = {isa = PBXBuildFile; fileRef = 8FB866901964676B002BAA29 /* EGOCache.m */; };
		8FB866931964676B002BAA29 /* README.mdown in Resources */ = {isa = PBXBuildFile; fileRef = 8FB866911964676B002BAA29 /* README.mdown */; };
		8FB866971965B814002BAA29 /* T3UpdateManager.m in Sources */ = {isa = PBXBuildFile; fileRef = 8FB866961965B814002BAA29 /* T3UpdateManager.m */; };
		8FB866A4196EF78A002BAA29 /* T3MainViewController.m in Sources */ = {isa = PBXBuildFile; fileRef = 8FB866A3196EF78A002BAA29 /* T3MainViewController.m */; };
		8FB866A819704441002BAA29 /* T3BaseViewController.m in Sources */ = {isa = PBXBuildFile; fileRef = 8FB866A719704441002BAA29 /* T3BaseViewController.m */; };
		8FB866AB197045A6002BAA29 /* T3BaseTableViewController.m in Sources */ = {isa = PBXBuildFile; fileRef = 8FB866AA197045A6002BAA29 /* T3BaseTableViewController.m */; };
		8FB866AE1970465D002BAA29 /* T3BaseTableViewControllerWithFetchedResultController.m in Sources */ = {isa = PBXBuildFile; fileRef = 8FB866AD1970465D002BAA29 /* T3BaseTableViewControllerWithFetchedResultController.m */; };
		8FB866B2197048D1002BAA29 /* T3GroupsTableViewController.m in Sources */ = {isa = PBXBuildFile; fileRef = 8FB866B1197048D1002BAA29 /* T3GroupsTableViewController.m */; };
		8FB866B619704C1C002BAA29 /* T3GroupCell.m in Sources */ = {isa = PBXBuildFile; fileRef = 8FB866B519704C1C002BAA29 /* T3GroupCell.m */; };
		8FB866B919704D79002BAA29 /* T3GroupCell+T3Group.m in Sources */ = {isa = PBXBuildFile; fileRef = 8FB866B819704D79002BAA29 /* T3GroupCell+T3Group.m */; };
		8FB8F8381980ABDB000110F9 /* T3TimeTable+Extension.m in Sources */ = {isa = PBXBuildFile; fileRef = 8FB8F8371980ABDB000110F9 /* T3TimeTable+Extension.m */; };
		8FB8F84A1982DE35000110F9 /* T3Favourites+Extension.m in Sources */ = {isa = PBXBuildFile; fileRef = 8FB8F8491982DE35000110F9 /* T3Favourites+Extension.m */; };
		8FB8F85019838F9E000110F9 /* T3Lecturer+Extension.m in Sources */ = {isa = PBXBuildFile; fileRef = 8FB8F84F19838F9E000110F9 /* T3Lecturer+Extension.m */; };
		8FB8F8581983D121000110F9 /* T3FavouriteCell.m in Sources */ = {isa = PBXBuildFile; fileRef = 8FB8F8561983D121000110F9 /* T3FavouriteCell.m */; };
		8FB8F85D19841B6C000110F9 /* T3SearchGroupViewController.m in Sources */ = {isa = PBXBuildFile; fileRef = 8FB8F85C19841B6C000110F9 /* T3SearchGroupViewController.m */; };
		8FB8F8611984216A000110F9 /* T3SearchGroupCell.m in Sources */ = {isa = PBXBuildFile; fileRef = 8FB8F8601984216A000110F9 /* T3SearchGroupCell.m */; };
		8FD9038B197FC18A00408469 /* T3TimetableViewController.m in Sources */ = {isa = PBXBuildFile; fileRef = 8FD9038A197FC18A00408469 /* T3TimetableViewController.m */; };
		8FD9038F197FC3FA00408469 /* T3TimetableShortCell.m in Sources */ = {isa = PBXBuildFile; fileRef = 8FD9038E197FC3FA00408469 /* T3TimetableShortCell.m */; };
		8FD90392197FC5D300408469 /* T3TimetableFullCell.m in Sources */ = {isa = PBXBuildFile; fileRef = 8FD90391197FC5D300408469 /* T3TimetableFullCell.m */; };
		8FD90396197FE1D400408469 /* T3TimeTable+Server.m in Sources */ = {isa = PBXBuildFile; fileRef = 8FD90395197FE1D400408469 /* T3TimeTable+Server.m */; };
		8FD9039F198013F100408469 /* T3Group+Extension.m in Sources */ = {isa = PBXBuildFile; fileRef = 8FD9039E198013F100408469 /* T3Group+Extension.m */; };
		8FF6AA1419853D4F00B22D36 /* T3LecturersViewController.m in Sources */ = {isa = PBXBuildFile; fileRef = 8FF6AA1319853D4F00B22D36 /* T3LecturersViewController.m */; };
		8FF6AA1819853E5F00B22D36 /* T3LecturerCell.m in Sources */ = {isa = PBXBuildFile; fileRef = 8FF6AA1719853E5F00B22D36 /* T3LecturerCell.m */; };
		8FF6AA1C19855E0100B22D36 /* T3PlaceholderView.m in Sources */ = {isa = PBXBuildFile; fileRef = 8FF6AA1B19855E0100B22D36 /* T3PlaceholderView.m */; };
		8FF6AA201985605E00B22D36 /* T3PlaceholderView.xib in Resources */ = {isa = PBXBuildFile; fileRef = 8FF6AA1F1985605E00B22D36 /* T3PlaceholderView.xib */; };
		8FF6AA23198560E800B22D36 /* UIView+Resizing.m in Sources */ = {isa = PBXBuildFile; fileRef = 8FF6AA22198560E800B22D36 /* UIView+Resizing.m */; };
		8FF6AA2719865CC500B22D36 /* Reachability.m in Sources */ = {isa = PBXBuildFile; fileRef = 8FF6AA2619865CC500B22D36 /* Reachability.m */; };
		8FF6AA2A19866E6000B22D36 /* T3UpdateItem.m in Sources */ = {isa = PBXBuildFile; fileRef = 8FF6AA2919866E6000B22D36 /* T3UpdateItem.m */; };
		8FF6AA4F1986CA8200B22D36 /* T3Department.m in Sources */ = {isa = PBXBuildFile; fileRef = 8FF6AA4E1986CA8200B22D36 /* T3Department.m */; };
		8FF6AA521986CA8200B22D36 /* T3Group.m in Sources */ = {isa = PBXBuildFile; fileRef = 8FF6AA511986CA8200B22D36 /* T3Group.m */; };
		8FF6AA551986CA8300B22D36 /* T3Favourites.m in Sources */ = {isa = PBXBuildFile; fileRef = 8FF6AA541986CA8300B22D36 /* T3Favourites.m */; };
		8FF6AA581986CA8300B22D36 /* T3Lecturer.m in Sources */ = {isa = PBXBuildFile; fileRef = 8FF6AA571986CA8300B22D36 /* T3Lecturer.m */; };
		8FF6AA5B1986CA8300B22D36 /* T3SystemInfo.m in Sources */ = {isa = PBXBuildFile; fileRef = 8FF6AA5A1986CA8300B22D36 /* T3SystemInfo.m */; };
		8FF6AA5E1986CA8300B22D36 /* T3TimeTable.m in Sources */ = {isa = PBXBuildFile; fileRef = 8FF6AA5D1986CA8300B22D36 /* T3TimeTable.m */; };
		8FF6AA62198A9CF600B22D36 /* T3PositionedTableCell.m in Sources */ = {isa = PBXBuildFile; fileRef = 8FF6AA61198A9CF600B22D36 /* T3PositionedTableCell.m */; };
		8FF6AA66198A9F4700B22D36 /* T3GroupItemBackgroundView.m in Sources */ = {isa = PBXBuildFile; fileRef = 8FF6AA65198A9F4700B22D36 /* T3GroupItemBackgroundView.m */; };
		8FF6AA6B198AA14A00B22D36 /* T3GroupItemSelectionView.m in Sources */ = {isa = PBXBuildFile; fileRef = 8FF6AA6A198AA14A00B22D36 /* T3GroupItemSelectionView.m */; };
		8FF6AA6E198AA41700B22D36 /* UIColor+CreateMethods.m in Sources */ = {isa = PBXBuildFile; fileRef = 8FF6AA6D198AA41700B22D36 /* UIColor+CreateMethods.m */; };
		8FF6AA91198AAB5E00B22D36 /* T3FavouriteCell.xib in Resources */ = {isa = PBXBuildFile; fileRef = 8FF6AA90198AAB5E00B22D36 /* T3FavouriteCell.xib */; };
		8FF6AA97198AB0E800B22D36 /* UITableView+CellPosition.m in Sources */ = {isa = PBXBuildFile; fileRef = 8FF6AA96198AB0E800B22D36 /* UITableView+CellPosition.m */; };
		8FF6AA9A198AB6F600B22D36 /* arrow.png in Resources */ = {isa = PBXBuildFile; fileRef = 8FF6AA98198AB6F600B22D36 /* arrow.png */; };
		8FF6AA9B198AB6F600B22D36 /* arrow@2x.png in Resources */ = {isa = PBXBuildFile; fileRef = 8FF6AA99198AB6F600B22D36 /* arrow@2x.png */; };
		8FF6AA9E198ABF9A00B22D36 /* T3BaseViewControllerWithFetchedResultController.m in Sources */ = {isa = PBXBuildFile; fileRef = 8FF6AA9D198ABF9A00B22D36 /* T3BaseViewControllerWithFetchedResultController.m */; };
		8FFB1567198BA300000AC9BB /* logo_ef.png in Resources */ = {isa = PBXBuildFile; fileRef = 8FFB155C198BA300000AC9BB /* logo_ef.png */; };
		8FFB1568198BA300000AC9BB /* logo_fb.png in Resources */ = {isa = PBXBuildFile; fileRef = 8FFB155D198BA300000AC9BB /* logo_fb.png */; };
		8FFB1569198BA300000AC9BB /* logo_fet.png in Resources */ = {isa = PBXBuildFile; fileRef = 8FFB155E198BA300000AC9BB /* logo_fet.png */; };
		8FFB156A198BA300000AC9BB /* logo_fit.png in Resources */ = {isa = PBXBuildFile; fileRef = 8FFB155F198BA300000AC9BB /* logo_fit.png */; };
		8FFB156B198BA300000AC9BB /* logo_fsu.png in Resources */ = {isa = PBXBuildFile; fileRef = 8FFB1560198BA300000AC9BB /* logo_fsu.png */; };
		8FFB156C198BA300000AC9BB /* logo_fvs.png in Resources */ = {isa = PBXBuildFile; fileRef = 8FFB1561198BA300000AC9BB /* logo_fvs.png */; };
		8FFB156D198BA300000AC9BB /* logo_gf.png in Resources */ = {isa = PBXBuildFile; fileRef = 8FFB1562198BA300000AC9BB /* logo_gf.png */; };
		8FFB156E198BA300000AC9BB /* logo_rkf.png in Resources */ = {isa = PBXBuildFile; fileRef = 8FFB1563198BA300000AC9BB /* logo_rkf.png */; };
		8FFB156F198BA300000AC9BB /* logo_rtf.png in Resources */ = {isa = PBXBuildFile; fileRef = 8FFB1564198BA300000AC9BB /* logo_rtf.png */; };
		8FFB1570198BA300000AC9BB /* logo_vf.png in Resources */ = {isa = PBXBuildFile; fileRef = 8FFB1565198BA300000AC9BB /* logo_vf.png */; };
		8FFB1571198BA300000AC9BB /* logo_yuf.png in Resources */ = {isa = PBXBuildFile; fileRef = 8FFB1566198BA300000AC9BB /* logo_yuf.png */; };
		8FFB1577198BA480000AC9BB /* DepartmentsLogo.plist in Resources */ = {isa = PBXBuildFile; fileRef = 8FFB1576198BA480000AC9BB /* DepartmentsLogo.plist */; };
/* End PBXBuildFile section */

/* Begin PBXContainerItemProxy section */
		8F0ACFAC19506EB000B3643B /* PBXContainerItemProxy */ = {
			isa = PBXContainerItemProxy;
			containerPortal = 8F0ACF7B19506EB000B3643B /* Project object */;
			proxyType = 1;
			remoteGlobalIDString = 8F0ACF8219506EB000B3643B;
			remoteInfo = TusurTimetable;
		};
/* End PBXContainerItemProxy section */

/* Begin PBXFileReference section */
		57FD1E7AE6A74AA694B7BE90 /* Pods.xcconfig */ = {isa = PBXFileReference; includeInIndex = 1; lastKnownFileType = text.xcconfig; name = Pods.xcconfig; path = Pods/Pods.xcconfig; sourceTree = "<group>"; };
		8F089EC1198BB6B4009DF576 /* T3GroupItemView.h */ = {isa = PBXFileReference; fileEncoding = 4; lastKnownFileType = sourcecode.c.h; path = T3GroupItemView.h; sourceTree = "<group>"; };
		8F089EC2198BB6B4009DF576 /* T3GroupItemView.m */ = {isa = PBXFileReference; fileEncoding = 4; lastKnownFileType = sourcecode.c.objc; path = T3GroupItemView.m; sourceTree = "<group>"; };
		8F089EC4198BD48C009DF576 /* TimetableColors.plist */ = {isa = PBXFileReference; fileEncoding = 4; lastKnownFileType = text.plist.xml; path = TimetableColors.plist; sourceTree = "<group>"; };
		8F089EC6198BE0DD009DF576 /* T3TimetableCell.h */ = {isa = PBXFileReference; fileEncoding = 4; lastKnownFileType = sourcecode.c.h; path = T3TimetableCell.h; sourceTree = "<group>"; };
		8F089EC7198BE0DD009DF576 /* T3TimetableCell.m */ = {isa = PBXFileReference; fileEncoding = 4; lastKnownFileType = sourcecode.c.objc; path = T3TimetableCell.m; sourceTree = "<group>"; };
		8F089ECC198EB8C2009DF576 /* T3TimetableShortCell.xib */ = {isa = PBXFileReference; fileEncoding = 4; lastKnownFileType = file.xib; path = T3TimetableShortCell.xib; sourceTree = "<group>"; };
		8F089ECE198EB8FA009DF576 /* T3TimetableFullCell.xib */ = {isa = PBXFileReference; fileEncoding = 4; lastKnownFileType = file.xib; path = T3TimetableFullCell.xib; sourceTree = "<group>"; };
		8F089ED0198EC059009DF576 /* T3LecturerCell.xib */ = {isa = PBXFileReference; fileEncoding = 4; lastKnownFileType = file.xib; path = T3LecturerCell.xib; sourceTree = "<group>"; };
		8F089ED6198FE3A1009DF576 /* warning.png */ = {isa = PBXFileReference; lastKnownFileType = image.png; path = warning.png; sourceTree = "<group>"; };
		8F089ED7198FE3A1009DF576 /* warning@2x.png */ = {isa = PBXFileReference; lastKnownFileType = image.png; path = "warning@2x.png"; sourceTree = "<group>"; };
		8F089EDA198FF11F009DF576 /* emergencyicon.png */ = {isa = PBXFileReference; lastKnownFileType = image.png; path = emergencyicon.png; sourceTree = "<group>"; };
		8F089EDB198FF11F009DF576 /* emergencyicon@2x.png */ = {isa = PBXFileReference; lastKnownFileType = image.png; path = "emergencyicon@2x.png"; sourceTree = "<group>"; };
		8F089EDE19900408009DF576 /* plus.png */ = {isa = PBXFileReference; lastKnownFileType = image.png; path = plus.png; sourceTree = "<group>"; };
		8F089EDF19900408009DF576 /* plus@2x.png */ = {isa = PBXFileReference; lastKnownFileType = image.png; path = "plus@2x.png"; sourceTree = "<group>"; };
		8F089EE019900408009DF576 /* minus.png */ = {isa = PBXFileReference; lastKnownFileType = image.png; path = minus.png; sourceTree = "<group>"; };
		8F089EE119900408009DF576 /* minus@2x.png */ = {isa = PBXFileReference; lastKnownFileType = image.png; path = "minus@2x.png"; sourceTree = "<group>"; };
		8F0ACF8319506EB000B3643B /* TusurTimetable.app */ = {isa = PBXFileReference; explicitFileType = wrapper.application; includeInIndex = 0; path = TusurTimetable.app; sourceTree = BUILT_PRODUCTS_DIR; };
		8F0ACF8619506EB000B3643B /* Foundation.framework */ = {isa = PBXFileReference; lastKnownFileType = wrapper.framework; name = Foundation.framework; path = System/Library/Frameworks/Foundation.framework; sourceTree = SDKROOT; };
		8F0ACF8819506EB000B3643B /* CoreGraphics.framework */ = {isa = PBXFileReference; lastKnownFileType = wrapper.framework; name = CoreGraphics.framework; path = System/Library/Frameworks/CoreGraphics.framework; sourceTree = SDKROOT; };
		8F0ACF8A19506EB000B3643B /* UIKit.framework */ = {isa = PBXFileReference; lastKnownFileType = wrapper.framework; name = UIKit.framework; path = System/Library/Frameworks/UIKit.framework; sourceTree = SDKROOT; };
		8F0ACF8E19506EB000B3643B /* TusurTimetable-Info.plist */ = {isa = PBXFileReference; lastKnownFileType = text.plist.xml; path = "TusurTimetable-Info.plist"; sourceTree = "<group>"; };
		8F0ACF9019506EB000B3643B /* en */ = {isa = PBXFileReference; lastKnownFileType = text.plist.strings; name = en; path = en.lproj/InfoPlist.strings; sourceTree = "<group>"; };
		8F0ACF9219506EB000B3643B /* main.m */ = {isa = PBXFileReference; lastKnownFileType = sourcecode.c.objc; path = main.m; sourceTree = "<group>"; };
		8F0ACF9419506EB000B3643B /* TusurTimetable-Prefix.pch */ = {isa = PBXFileReference; lastKnownFileType = sourcecode.c.h; path = "TusurTimetable-Prefix.pch"; sourceTree = "<group>"; };
		8F0ACF9519506EB000B3643B /* T3AppDelegate.h */ = {isa = PBXFileReference; lastKnownFileType = sourcecode.c.h; path = T3AppDelegate.h; sourceTree = "<group>"; };
		8F0ACF9619506EB000B3643B /* T3AppDelegate.m */ = {isa = PBXFileReference; lastKnownFileType = sourcecode.c.objc; path = T3AppDelegate.m; sourceTree = "<group>"; };
		8F0ACF9919506EB000B3643B /* Base */ = {isa = PBXFileReference; lastKnownFileType = file.storyboard; name = Base; path = Base.lproj/Main_iPhone.storyboard; sourceTree = "<group>"; };
		8F0ACF9C19506EB000B3643B /* Base */ = {isa = PBXFileReference; lastKnownFileType = file.storyboard; name = Base; path = Base.lproj/Main_iPad.storyboard; sourceTree = "<group>"; };
		8F0ACFA119506EB000B3643B /* Images.xcassets */ = {isa = PBXFileReference; lastKnownFileType = folder.assetcatalog; path = Images.xcassets; sourceTree = "<group>"; };
		8F0ACFA719506EB000B3643B /* TusurTimetableTests.xctest */ = {isa = PBXFileReference; explicitFileType = wrapper.cfbundle; includeInIndex = 0; path = TusurTimetableTests.xctest; sourceTree = BUILT_PRODUCTS_DIR; };
		8F0ACFA819506EB000B3643B /* XCTest.framework */ = {isa = PBXFileReference; lastKnownFileType = wrapper.framework; name = XCTest.framework; path = Library/Frameworks/XCTest.framework; sourceTree = DEVELOPER_DIR; };
		8F0ACFB019506EB000B3643B /* TusurTimetableTests-Info.plist */ = {isa = PBXFileReference; lastKnownFileType = text.plist.xml; path = "TusurTimetableTests-Info.plist"; sourceTree = "<group>"; };
		8F0ACFB219506EB000B3643B /* en */ = {isa = PBXFileReference; lastKnownFileType = text.plist.strings; name = en; path = en.lproj/InfoPlist.strings; sourceTree = "<group>"; };
		8F0ACFB419506EB000B3643B /* TusurTimetableTests.m */ = {isa = PBXFileReference; lastKnownFileType = sourcecode.c.objc; path = TusurTimetableTests.m; sourceTree = "<group>"; };
		8F3968CF1979702F00495104 /* T3SystemInfo+Extension.h */ = {isa = PBXFileReference; fileEncoding = 4; lastKnownFileType = sourcecode.c.h; path = "T3SystemInfo+Extension.h"; sourceTree = "<group>"; };
		8F3968D01979702F00495104 /* T3SystemInfo+Extension.m */ = {isa = PBXFileReference; fileEncoding = 4; lastKnownFileType = sourcecode.c.objc; path = "T3SystemInfo+Extension.m"; sourceTree = "<group>"; };
		8F8F93F21971AC2200BEA05B /* T3DepartmentsTableViewController.h */ = {isa = PBXFileReference; fileEncoding = 4; lastKnownFileType = sourcecode.c.h; path = T3DepartmentsTableViewController.h; sourceTree = "<group>"; };
		8F8F93F31971AC2200BEA05B /* T3DepartmentsTableViewController.m */ = {isa = PBXFileReference; fileEncoding = 4; lastKnownFileType = sourcecode.c.objc; path = T3DepartmentsTableViewController.m; sourceTree = "<group>"; };
		8F8F93F61971ACD200BEA05B /* T3DepartmentCell.h */ = {isa = PBXFileReference; fileEncoding = 4; lastKnownFileType = sourcecode.c.h; path = T3DepartmentCell.h; sourceTree = "<group>"; };
		8F8F93F71971ACD200BEA05B /* T3DepartmentCell.m */ = {isa = PBXFileReference; fileEncoding = 4; lastKnownFileType = sourcecode.c.objc; path = T3DepartmentCell.m; sourceTree = "<group>"; };
		8F8F93F91971ACF200BEA05B /* T3DepartmentCell+T3Department.h */ = {isa = PBXFileReference; fileEncoding = 4; lastKnownFileType = sourcecode.c.h; path = "T3DepartmentCell+T3Department.h"; sourceTree = "<group>"; };
		8F8F93FA1971ACF200BEA05B /* T3DepartmentCell+T3Department.m */ = {isa = PBXFileReference; fileEncoding = 4; lastKnownFileType = sourcecode.c.objc; path = "T3DepartmentCell+T3Department.m"; sourceTree = "<group>"; };
		8FB866221957395C002BAA29 /* TusurTimetable.xcdatamodel */ = {isa = PBXFileReference; lastKnownFileType = wrapper.xcdatamodel; path = TusurTimetable.xcdatamodel; sourceTree = "<group>"; };
		8FB8663A19574AEF002BAA29 /* T3ServerObject.h */ = {isa = PBXFileReference; fileEncoding = 4; lastKnownFileType = sourcecode.c.h; path = T3ServerObject.h; sourceTree = "<group>"; };
		8FB8663B19574AEF002BAA29 /* T3ServerObject.m */ = {isa = PBXFileReference; fileEncoding = 4; lastKnownFileType = sourcecode.c.objc; path = T3ServerObject.m; sourceTree = "<group>"; };
		8FB8664619587C86002BAA29 /* Singletone.h */ = {isa = PBXFileReference; fileEncoding = 4; lastKnownFileType = sourcecode.c.h; path = Singletone.h; sourceTree = "<group>"; };
		8FB86678195B323C002BAA29 /* T3Lecturer+Server.h */ = {isa = PBXFileReference; fileEncoding = 4; lastKnownFileType = sourcecode.c.h; path = "T3Lecturer+Server.h"; sourceTree = "<group>"; };
		8FB86679195B323C002BAA29 /* T3Lecturer+Server.m */ = {isa = PBXFileReference; fileEncoding = 4; lastKnownFileType = sourcecode.c.objc; path = "T3Lecturer+Server.m"; sourceTree = "<group>"; };
		8FB8667B195B3251002BAA29 /* T3Group+Server.h */ = {isa = PBXFileReference; fileEncoding = 4; lastKnownFileType = sourcecode.c.h; path = "T3Group+Server.h"; sourceTree = "<group>"; };
		8FB8667C195B3251002BAA29 /* T3Group+Server.m */ = {isa = PBXFileReference; fileEncoding = 4; lastKnownFileType = sourcecode.c.objc; path = "T3Group+Server.m"; sourceTree = "<group>"; };
		8FB8667E195B326A002BAA29 /* T3Department+Server.h */ = {isa = PBXFileReference; fileEncoding = 4; lastKnownFileType = sourcecode.c.h; path = "T3Department+Server.h"; sourceTree = "<group>"; };
		8FB8667F195B326A002BAA29 /* T3Department+Server.m */ = {isa = PBXFileReference; fileEncoding = 4; lastKnownFileType = sourcecode.c.objc; path = "T3Department+Server.m"; sourceTree = "<group>"; };
		8FB8668B19645F6D002BAA29 /* T3DownloadManager.h */ = {isa = PBXFileReference; fileEncoding = 4; lastKnownFileType = sourcecode.c.h; path = T3DownloadManager.h; sourceTree = "<group>"; };
		8FB8668C19645F6D002BAA29 /* T3DownloadManager.m */ = {isa = PBXFileReference; fileEncoding = 4; lastKnownFileType = sourcecode.c.objc; path = T3DownloadManager.m; sourceTree = "<group>"; };
		8FB8668F1964676B002BAA29 /* EGOCache.h */ = {isa = PBXFileReference; fileEncoding = 4; lastKnownFileType = sourcecode.c.h; path = EGOCache.h; sourceTree = "<group>"; };
		8FB866901964676B002BAA29 /* EGOCache.m */ = {isa = PBXFileReference; fileEncoding = 4; lastKnownFileType = sourcecode.c.objc; path = EGOCache.m; sourceTree = "<group>"; };
		8FB866911964676B002BAA29 /* README.mdown */ = {isa = PBXFileReference; fileEncoding = 4; lastKnownFileType = text; path = README.mdown; sourceTree = "<group>"; };
		8FB866951965B814002BAA29 /* T3UpdateManager.h */ = {isa = PBXFileReference; fileEncoding = 4; lastKnownFileType = sourcecode.c.h; path = T3UpdateManager.h; sourceTree = "<group>"; };
		8FB866961965B814002BAA29 /* T3UpdateManager.m */ = {isa = PBXFileReference; fileEncoding = 4; lastKnownFileType = sourcecode.c.objc; path = T3UpdateManager.m; sourceTree = "<group>"; };
		8FB866A2196EF78A002BAA29 /* T3MainViewController.h */ = {isa = PBXFileReference; fileEncoding = 4; lastKnownFileType = sourcecode.c.h; path = T3MainViewController.h; sourceTree = "<group>"; };
		8FB866A3196EF78A002BAA29 /* T3MainViewController.m */ = {isa = PBXFileReference; fileEncoding = 4; lastKnownFileType = sourcecode.c.objc; path = T3MainViewController.m; sourceTree = "<group>"; };
		8FB866A619704441002BAA29 /* T3BaseViewController.h */ = {isa = PBXFileReference; fileEncoding = 4; lastKnownFileType = sourcecode.c.h; path = T3BaseViewController.h; sourceTree = "<group>"; };
		8FB866A719704441002BAA29 /* T3BaseViewController.m */ = {isa = PBXFileReference; fileEncoding = 4; lastKnownFileType = sourcecode.c.objc; path = T3BaseViewController.m; sourceTree = "<group>"; };
		8FB866A9197045A6002BAA29 /* T3BaseTableViewController.h */ = {isa = PBXFileReference; fileEncoding = 4; lastKnownFileType = sourcecode.c.h; path = T3BaseTableViewController.h; sourceTree = "<group>"; };
		8FB866AA197045A6002BAA29 /* T3BaseTableViewController.m */ = {isa = PBXFileReference; fileEncoding = 4; lastKnownFileType = sourcecode.c.objc; path = T3BaseTableViewController.m; sourceTree = "<group>"; };
		8FB866AC1970465D002BAA29 /* T3BaseTableViewControllerWithFetchedResultController.h */ = {isa = PBXFileReference; fileEncoding = 4; lastKnownFileType = sourcecode.c.h; path = T3BaseTableViewControllerWithFetchedResultController.h; sourceTree = "<group>"; };
		8FB866AD1970465D002BAA29 /* T3BaseTableViewControllerWithFetchedResultController.m */ = {isa = PBXFileReference; fileEncoding = 4; lastKnownFileType = sourcecode.c.objc; path = T3BaseTableViewControllerWithFetchedResultController.m; sourceTree = "<group>"; };
		8FB866B0197048D1002BAA29 /* T3GroupsTableViewController.h */ = {isa = PBXFileReference; fileEncoding = 4; lastKnownFileType = sourcecode.c.h; path = T3GroupsTableViewController.h; sourceTree = "<group>"; };
		8FB866B1197048D1002BAA29 /* T3GroupsTableViewController.m */ = {isa = PBXFileReference; fileEncoding = 4; lastKnownFileType = sourcecode.c.objc; path = T3GroupsTableViewController.m; sourceTree = "<group>"; };
		8FB866B419704C1C002BAA29 /* T3GroupCell.h */ = {isa = PBXFileReference; fileEncoding = 4; lastKnownFileType = sourcecode.c.h; path = T3GroupCell.h; sourceTree = "<group>"; };
		8FB866B519704C1C002BAA29 /* T3GroupCell.m */ = {isa = PBXFileReference; fileEncoding = 4; lastKnownFileType = sourcecode.c.objc; path = T3GroupCell.m; sourceTree = "<group>"; };
		8FB866B719704D79002BAA29 /* T3GroupCell+T3Group.h */ = {isa = PBXFileReference; fileEncoding = 4; lastKnownFileType = sourcecode.c.h; path = "T3GroupCell+T3Group.h"; sourceTree = "<group>"; };
		8FB866B819704D79002BAA29 /* T3GroupCell+T3Group.m */ = {isa = PBXFileReference; fileEncoding = 4; lastKnownFileType = sourcecode.c.objc; path = "T3GroupCell+T3Group.m"; sourceTree = "<group>"; };
		8FB8F8361980ABDA000110F9 /* T3TimeTable+Extension.h */ = {isa = PBXFileReference; fileEncoding = 4; lastKnownFileType = sourcecode.c.h; path = "T3TimeTable+Extension.h"; sourceTree = "<group>"; };
		8FB8F8371980ABDB000110F9 /* T3TimeTable+Extension.m */ = {isa = PBXFileReference; fileEncoding = 4; lastKnownFileType = sourcecode.c.objc; path = "T3TimeTable+Extension.m"; sourceTree = "<group>"; };
		8FB8F8481982DE35000110F9 /* T3Favourites+Extension.h */ = {isa = PBXFileReference; fileEncoding = 4; lastKnownFileType = sourcecode.c.h; path = "T3Favourites+Extension.h"; sourceTree = "<group>"; };
		8FB8F8491982DE35000110F9 /* T3Favourites+Extension.m */ = {isa = PBXFileReference; fileEncoding = 4; lastKnownFileType = sourcecode.c.objc; path = "T3Favourites+Extension.m"; sourceTree = "<group>"; };
		8FB8F84E19838F9E000110F9 /* T3Lecturer+Extension.h */ = {isa = PBXFileReference; fileEncoding = 4; lastKnownFileType = sourcecode.c.h; path = "T3Lecturer+Extension.h"; sourceTree = "<group>"; };
		8FB8F84F19838F9E000110F9 /* T3Lecturer+Extension.m */ = {isa = PBXFileReference; fileEncoding = 4; lastKnownFileType = sourcecode.c.objc; path = "T3Lecturer+Extension.m"; sourceTree = "<group>"; };
		8FB8F8551983D121000110F9 /* T3FavouriteCell.h */ = {isa = PBXFileReference; fileEncoding = 4; lastKnownFileType = sourcecode.c.h; path = T3FavouriteCell.h; sourceTree = "<group>"; };
		8FB8F8561983D121000110F9 /* T3FavouriteCell.m */ = {isa = PBXFileReference; fileEncoding = 4; lastKnownFileType = sourcecode.c.objc; path = T3FavouriteCell.m; sourceTree = "<group>"; };
		8FB8F85B19841B6C000110F9 /* T3SearchGroupViewController.h */ = {isa = PBXFileReference; fileEncoding = 4; lastKnownFileType = sourcecode.c.h; path = T3SearchGroupViewController.h; sourceTree = "<group>"; };
		8FB8F85C19841B6C000110F9 /* T3SearchGroupViewController.m */ = {isa = PBXFileReference; fileEncoding = 4; lastKnownFileType = sourcecode.c.objc; path = T3SearchGroupViewController.m; sourceTree = "<group>"; };
		8FB8F85F1984216A000110F9 /* T3SearchGroupCell.h */ = {isa = PBXFileReference; fileEncoding = 4; lastKnownFileType = sourcecode.c.h; path = T3SearchGroupCell.h; sourceTree = "<group>"; };
		8FB8F8601984216A000110F9 /* T3SearchGroupCell.m */ = {isa = PBXFileReference; fileEncoding = 4; lastKnownFileType = sourcecode.c.objc; path = T3SearchGroupCell.m; sourceTree = "<group>"; };
		8FD90389197FC18A00408469 /* T3TimetableViewController.h */ = {isa = PBXFileReference; fileEncoding = 4; lastKnownFileType = sourcecode.c.h; path = T3TimetableViewController.h; sourceTree = "<group>"; };
		8FD9038A197FC18A00408469 /* T3TimetableViewController.m */ = {isa = PBXFileReference; fileEncoding = 4; lastKnownFileType = sourcecode.c.objc; path = T3TimetableViewController.m; sourceTree = "<group>"; };
		8FD9038D197FC3FA00408469 /* T3TimetableShortCell.h */ = {isa = PBXFileReference; fileEncoding = 4; lastKnownFileType = sourcecode.c.h; path = T3TimetableShortCell.h; sourceTree = "<group>"; };
		8FD9038E197FC3FA00408469 /* T3TimetableShortCell.m */ = {isa = PBXFileReference; fileEncoding = 4; lastKnownFileType = sourcecode.c.objc; path = T3TimetableShortCell.m; sourceTree = "<group>"; };
		8FD90390197FC5D300408469 /* T3TimetableFullCell.h */ = {isa = PBXFileReference; fileEncoding = 4; lastKnownFileType = sourcecode.c.h; path = T3TimetableFullCell.h; sourceTree = "<group>"; };
		8FD90391197FC5D300408469 /* T3TimetableFullCell.m */ = {isa = PBXFileReference; fileEncoding = 4; lastKnownFileType = sourcecode.c.objc; path = T3TimetableFullCell.m; sourceTree = "<group>"; };
		8FD90394197FE1D400408469 /* T3TimeTable+Server.h */ = {isa = PBXFileReference; fileEncoding = 4; lastKnownFileType = sourcecode.c.h; path = "T3TimeTable+Server.h"; sourceTree = "<group>"; };
		8FD90395197FE1D400408469 /* T3TimeTable+Server.m */ = {isa = PBXFileReference; fileEncoding = 4; lastKnownFileType = sourcecode.c.objc; path = "T3TimeTable+Server.m"; sourceTree = "<group>"; };
		8FD9039D198013F100408469 /* T3Group+Extension.h */ = {isa = PBXFileReference; fileEncoding = 4; lastKnownFileType = sourcecode.c.h; path = "T3Group+Extension.h"; sourceTree = "<group>"; };
		8FD9039E198013F100408469 /* T3Group+Extension.m */ = {isa = PBXFileReference; fileEncoding = 4; lastKnownFileType = sourcecode.c.objc; path = "T3Group+Extension.m"; sourceTree = "<group>"; };
		8FF6AA1219853D4F00B22D36 /* T3LecturersViewController.h */ = {isa = PBXFileReference; fileEncoding = 4; lastKnownFileType = sourcecode.c.h; path = T3LecturersViewController.h; sourceTree = "<group>"; };
		8FF6AA1319853D4F00B22D36 /* T3LecturersViewController.m */ = {isa = PBXFileReference; fileEncoding = 4; lastKnownFileType = sourcecode.c.objc; path = T3LecturersViewController.m; sourceTree = "<group>"; };
		8FF6AA1619853E5F00B22D36 /* T3LecturerCell.h */ = {isa = PBXFileReference; fileEncoding = 4; lastKnownFileType = sourcecode.c.h; path = T3LecturerCell.h; sourceTree = "<group>"; };
		8FF6AA1719853E5F00B22D36 /* T3LecturerCell.m */ = {isa = PBXFileReference; fileEncoding = 4; lastKnownFileType = sourcecode.c.objc; path = T3LecturerCell.m; sourceTree = "<group>"; };
		8FF6AA1A19855E0100B22D36 /* T3PlaceholderView.h */ = {isa = PBXFileReference; fileEncoding = 4; lastKnownFileType = sourcecode.c.h; path = T3PlaceholderView.h; sourceTree = "<group>"; };
		8FF6AA1B19855E0100B22D36 /* T3PlaceholderView.m */ = {isa = PBXFileReference; fileEncoding = 4; lastKnownFileType = sourcecode.c.objc; path = T3PlaceholderView.m; sourceTree = "<group>"; };
		8FF6AA1F1985605E00B22D36 /* T3PlaceholderView.xib */ = {isa = PBXFileReference; fileEncoding = 4; lastKnownFileType = file.xib; path = T3PlaceholderView.xib; sourceTree = "<group>"; };
		8FF6AA21198560E800B22D36 /* UIView+Resizing.h */ = {isa = PBXFileReference; fileEncoding = 4; lastKnownFileType = sourcecode.c.h; path = "UIView+Resizing.h"; sourceTree = "<group>"; };
		8FF6AA22198560E800B22D36 /* UIView+Resizing.m */ = {isa = PBXFileReference; fileEncoding = 4; lastKnownFileType = sourcecode.c.objc; path = "UIView+Resizing.m"; sourceTree = "<group>"; };
		8FF6AA2519865CC500B22D36 /* Reachability.h */ = {isa = PBXFileReference; fileEncoding = 4; lastKnownFileType = sourcecode.c.h; path = Reachability.h; sourceTree = "<group>"; };
		8FF6AA2619865CC500B22D36 /* Reachability.m */ = {isa = PBXFileReference; fileEncoding = 4; lastKnownFileType = sourcecode.c.objc; path = Reachability.m; sourceTree = "<group>"; };
		8FF6AA2819866E6000B22D36 /* T3UpdateItem.h */ = {isa = PBXFileReference; fileEncoding = 4; lastKnownFileType = sourcecode.c.h; path = T3UpdateItem.h; sourceTree = "<group>"; };
		8FF6AA2919866E6000B22D36 /* T3UpdateItem.m */ = {isa = PBXFileReference; fileEncoding = 4; lastKnownFileType = sourcecode.c.objc; path = T3UpdateItem.m; sourceTree = "<group>"; };
		8FF6AA4D1986CA8200B22D36 /* T3Department.h */ = {isa = PBXFileReference; fileEncoding = 4; lastKnownFileType = sourcecode.c.h; path = T3Department.h; sourceTree = "<group>"; };
		8FF6AA4E1986CA8200B22D36 /* T3Department.m */ = {isa = PBXFileReference; fileEncoding = 4; lastKnownFileType = sourcecode.c.objc; path = T3Department.m; sourceTree = "<group>"; };
		8FF6AA501986CA8200B22D36 /* T3Group.h */ = {isa = PBXFileReference; fileEncoding = 4; lastKnownFileType = sourcecode.c.h; path = T3Group.h; sourceTree = "<group>"; };
		8FF6AA511986CA8200B22D36 /* T3Group.m */ = {isa = PBXFileReference; fileEncoding = 4; lastKnownFileType = sourcecode.c.objc; path = T3Group.m; sourceTree = "<group>"; };
		8FF6AA531986CA8300B22D36 /* T3Favourites.h */ = {isa = PBXFileReference; fileEncoding = 4; lastKnownFileType = sourcecode.c.h; path = T3Favourites.h; sourceTree = "<group>"; };
		8FF6AA541986CA8300B22D36 /* T3Favourites.m */ = {isa = PBXFileReference; fileEncoding = 4; lastKnownFileType = sourcecode.c.objc; path = T3Favourites.m; sourceTree = "<group>"; };
		8FF6AA561986CA8300B22D36 /* T3Lecturer.h */ = {isa = PBXFileReference; fileEncoding = 4; lastKnownFileType = sourcecode.c.h; path = T3Lecturer.h; sourceTree = "<group>"; };
		8FF6AA571986CA8300B22D36 /* T3Lecturer.m */ = {isa = PBXFileReference; fileEncoding = 4; lastKnownFileType = sourcecode.c.objc; path = T3Lecturer.m; sourceTree = "<group>"; };
		8FF6AA591986CA8300B22D36 /* T3SystemInfo.h */ = {isa = PBXFileReference; fileEncoding = 4; lastKnownFileType = sourcecode.c.h; path = T3SystemInfo.h; sourceTree = "<group>"; };
		8FF6AA5A1986CA8300B22D36 /* T3SystemInfo.m */ = {isa = PBXFileReference; fileEncoding = 4; lastKnownFileType = sourcecode.c.objc; path = T3SystemInfo.m; sourceTree = "<group>"; };
		8FF6AA5C1986CA8300B22D36 /* T3TimeTable.h */ = {isa = PBXFileReference; fileEncoding = 4; lastKnownFileType = sourcecode.c.h; path = T3TimeTable.h; sourceTree = "<group>"; };
		8FF6AA5D1986CA8300B22D36 /* T3TimeTable.m */ = {isa = PBXFileReference; fileEncoding = 4; lastKnownFileType = sourcecode.c.objc; path = T3TimeTable.m; sourceTree = "<group>"; };
		8FF6AA60198A9CF600B22D36 /* T3PositionedTableCell.h */ = {isa = PBXFileReference; fileEncoding = 4; lastKnownFileType = sourcecode.c.h; path = T3PositionedTableCell.h; sourceTree = "<group>"; };
		8FF6AA61198A9CF600B22D36 /* T3PositionedTableCell.m */ = {isa = PBXFileReference; fileEncoding = 4; lastKnownFileType = sourcecode.c.objc; path = T3PositionedTableCell.m; sourceTree = "<group>"; };
		8FF6AA64198A9F4700B22D36 /* T3GroupItemBackgroundView.h */ = {isa = PBXFileReference; fileEncoding = 4; lastKnownFileType = sourcecode.c.h; path = T3GroupItemBackgroundView.h; sourceTree = "<group>"; };
		8FF6AA65198A9F4700B22D36 /* T3GroupItemBackgroundView.m */ = {isa = PBXFileReference; fileEncoding = 4; lastKnownFileType = sourcecode.c.objc; path = T3GroupItemBackgroundView.m; sourceTree = "<group>"; };
		8FF6AA68198AA0C900B22D36 /* T3GroupItemPosition.h */ = {isa = PBXFileReference; fileEncoding = 4; lastKnownFileType = sourcecode.c.h; path = T3GroupItemPosition.h; sourceTree = "<group>"; };
		8FF6AA69198AA14A00B22D36 /* T3GroupItemSelectionView.h */ = {isa = PBXFileReference; fileEncoding = 4; lastKnownFileType = sourcecode.c.h; path = T3GroupItemSelectionView.h; sourceTree = "<group>"; };
		8FF6AA6A198AA14A00B22D36 /* T3GroupItemSelectionView.m */ = {isa = PBXFileReference; fileEncoding = 4; lastKnownFileType = sourcecode.c.objc; path = T3GroupItemSelectionView.m; sourceTree = "<group>"; };
		8FF6AA6C198AA41700B22D36 /* UIColor+CreateMethods.h */ = {isa = PBXFileReference; fileEncoding = 4; lastKnownFileType = sourcecode.c.h; path = "UIColor+CreateMethods.h"; sourceTree = "<group>"; };
		8FF6AA6D198AA41700B22D36 /* UIColor+CreateMethods.m */ = {isa = PBXFileReference; fileEncoding = 4; lastKnownFileType = sourcecode.c.objc; path = "UIColor+CreateMethods.m"; sourceTree = "<group>"; };
		8FF6AA90198AAB5E00B22D36 /* T3FavouriteCell.xib */ = {isa = PBXFileReference; fileEncoding = 4; lastKnownFileType = file.xib; path = T3FavouriteCell.xib; sourceTree = "<group>"; };
		8FF6AA95198AB0E800B22D36 /* UITableView+CellPosition.h */ = {isa = PBXFileReference; fileEncoding = 4; lastKnownFileType = sourcecode.c.h; path = "UITableView+CellPosition.h"; sourceTree = "<group>"; };
		8FF6AA96198AB0E800B22D36 /* UITableView+CellPosition.m */ = {isa = PBXFileReference; fileEncoding = 4; lastKnownFileType = sourcecode.c.objc; path = "UITableView+CellPosition.m"; sourceTree = "<group>"; };
		8FF6AA98198AB6F600B22D36 /* arrow.png */ = {isa = PBXFileReference; lastKnownFileType = image.png; path = arrow.png; sourceTree = "<group>"; };
		8FF6AA99198AB6F600B22D36 /* arrow@2x.png */ = {isa = PBXFileReference; lastKnownFileType = image.png; path = "arrow@2x.png"; sourceTree = "<group>"; };
		8FF6AA9C198ABF9A00B22D36 /* T3BaseViewControllerWithFetchedResultController.h */ = {isa = PBXFileReference; fileEncoding = 4; lastKnownFileType = sourcecode.c.h; path = T3BaseViewControllerWithFetchedResultController.h; sourceTree = "<group>"; };
		8FF6AA9D198ABF9A00B22D36 /* T3BaseViewControllerWithFetchedResultController.m */ = {isa = PBXFileReference; fileEncoding = 4; lastKnownFileType = sourcecode.c.objc; path = T3BaseViewControllerWithFetchedResultController.m; sourceTree = "<group>"; };
		8FFB155C198BA300000AC9BB /* logo_ef.png */ = {isa = PBXFileReference; lastKnownFileType = image.png; path = logo_ef.png; sourceTree = "<group>"; };
		8FFB155D198BA300000AC9BB /* logo_fb.png */ = {isa = PBXFileReference; lastKnownFileType = image.png; path = logo_fb.png; sourceTree = "<group>"; };
		8FFB155E198BA300000AC9BB /* logo_fet.png */ = {isa = PBXFileReference; lastKnownFileType = image.png; path = logo_fet.png; sourceTree = "<group>"; };
		8FFB155F198BA300000AC9BB /* logo_fit.png */ = {isa = PBXFileReference; lastKnownFileType = image.png; path = logo_fit.png; sourceTree = "<group>"; };
		8FFB1560198BA300000AC9BB /* logo_fsu.png */ = {isa = PBXFileReference; lastKnownFileType = image.png; path = logo_fsu.png; sourceTree = "<group>"; };
		8FFB1561198BA300000AC9BB /* logo_fvs.png */ = {isa = PBXFileReference; lastKnownFileType = image.png; path = logo_fvs.png; sourceTree = "<group>"; };
		8FFB1562198BA300000AC9BB /* logo_gf.png */ = {isa = PBXFileReference; lastKnownFileType = image.png; path = logo_gf.png; sourceTree = "<group>"; };
		8FFB1563198BA300000AC9BB /* logo_rkf.png */ = {isa = PBXFileReference; lastKnownFileType = image.png; path = logo_rkf.png; sourceTree = "<group>"; };
		8FFB1564198BA300000AC9BB /* logo_rtf.png */ = {isa = PBXFileReference; lastKnownFileType = image.png; path = logo_rtf.png; sourceTree = "<group>"; };
		8FFB1565198BA300000AC9BB /* logo_vf.png */ = {isa = PBXFileReference; lastKnownFileType = image.png; path = logo_vf.png; sourceTree = "<group>"; };
		8FFB1566198BA300000AC9BB /* logo_yuf.png */ = {isa = PBXFileReference; lastKnownFileType = image.png; path = logo_yuf.png; sourceTree = "<group>"; };
		8FFB1576198BA480000AC9BB /* DepartmentsLogo.plist */ = {isa = PBXFileReference; fileEncoding = 4; lastKnownFileType = text.plist.xml; path = DepartmentsLogo.plist; sourceTree = "<group>"; };
		99A22167648A4D17B6B04D1B /* libPods.a */ = {isa = PBXFileReference; explicitFileType = archive.ar; includeInIndex = 0; path = libPods.a; sourceTree = BUILT_PRODUCTS_DIR; };
/* End PBXFileReference section */

/* Begin PBXFrameworksBuildPhase section */
		8F0ACF8019506EB000B3643B /* Frameworks */ = {
			isa = PBXFrameworksBuildPhase;
			buildActionMask = 2147483647;
			files = (
				8F0ACF8919506EB000B3643B /* CoreGraphics.framework in Frameworks */,
				8F0ACF8B19506EB000B3643B /* UIKit.framework in Frameworks */,
				8F0ACF8719506EB000B3643B /* Foundation.framework in Frameworks */,
				7862A62C5D3B4C578CFE599B /* libPods.a in Frameworks */,
			);
			runOnlyForDeploymentPostprocessing = 0;
		};
		8F0ACFA419506EB000B3643B /* Frameworks */ = {
			isa = PBXFrameworksBuildPhase;
			buildActionMask = 2147483647;
			files = (
				8F0ACFA919506EB000B3643B /* XCTest.framework in Frameworks */,
				8F0ACFAB19506EB000B3643B /* UIKit.framework in Frameworks */,
				8F0ACFAA19506EB000B3643B /* Foundation.framework in Frameworks */,
			);
			runOnlyForDeploymentPostprocessing = 0;
		};
/* End PBXFrameworksBuildPhase section */

/* Begin PBXGroup section */
		8F0ACF7A19506EB000B3643B = {
			isa = PBXGroup;
			children = (
				8F0ACF8C19506EB000B3643B /* TusurTimetable */,
				8F0ACFAE19506EB000B3643B /* TusurTimetableTests */,
				8F0ACF8519506EB000B3643B /* Frameworks */,
				8F0ACF8419506EB000B3643B /* Products */,
				57FD1E7AE6A74AA694B7BE90 /* Pods.xcconfig */,
			);
			sourceTree = "<group>";
		};
		8F0ACF8419506EB000B3643B /* Products */ = {
			isa = PBXGroup;
			children = (
				8F0ACF8319506EB000B3643B /* TusurTimetable.app */,
				8F0ACFA719506EB000B3643B /* TusurTimetableTests.xctest */,
			);
			name = Products;
			sourceTree = "<group>";
		};
		8F0ACF8519506EB000B3643B /* Frameworks */ = {
			isa = PBXGroup;
			children = (
				8F0ACF8619506EB000B3643B /* Foundation.framework */,
				8F0ACF8819506EB000B3643B /* CoreGraphics.framework */,
				8F0ACF8A19506EB000B3643B /* UIKit.framework */,
				8F0ACFA819506EB000B3643B /* XCTest.framework */,
				99A22167648A4D17B6B04D1B /* libPods.a */,
			);
			name = Frameworks;
			sourceTree = "<group>";
		};
		8F0ACF8C19506EB000B3643B /* TusurTimetable */ = {
			isa = PBXGroup;
			children = (
				8F0ACFBE1950A40500B3643B /* Classes */,
				8F0ACFC31950A41100B3643B /* Resources */,
				8F0ACF9519506EB000B3643B /* T3AppDelegate.h */,
				8F0ACF9619506EB000B3643B /* T3AppDelegate.m */,
				8F0ACF9819506EB000B3643B /* Main_iPhone.storyboard */,
				8F0ACF9B19506EB000B3643B /* Main_iPad.storyboard */,
				8F0ACFA119506EB000B3643B /* Images.xcassets */,
				8F0ACF8D19506EB000B3643B /* Supporting Files */,
			);
			path = TusurTimetable;
			sourceTree = "<group>";
		};
		8F0ACF8D19506EB000B3643B /* Supporting Files */ = {
			isa = PBXGroup;
			children = (
				8FB8664619587C86002BAA29 /* Singletone.h */,
				8F0ACF8E19506EB000B3643B /* TusurTimetable-Info.plist */,
				8F0ACF8F19506EB000B3643B /* InfoPlist.strings */,
				8F0ACF9219506EB000B3643B /* main.m */,
				8F0ACF9419506EB000B3643B /* TusurTimetable-Prefix.pch */,
			);
			name = "Supporting Files";
			sourceTree = "<group>";
		};
		8F0ACFAE19506EB000B3643B /* TusurTimetableTests */ = {
			isa = PBXGroup;
			children = (
				8F0ACFB419506EB000B3643B /* TusurTimetableTests.m */,
				8F0ACFAF19506EB000B3643B /* Supporting Files */,
			);
			path = TusurTimetableTests;
			sourceTree = "<group>";
		};
		8F0ACFAF19506EB000B3643B /* Supporting Files */ = {
			isa = PBXGroup;
			children = (
				8F0ACFB019506EB000B3643B /* TusurTimetableTests-Info.plist */,
				8F0ACFB119506EB000B3643B /* InfoPlist.strings */,
			);
			name = "Supporting Files";
			sourceTree = "<group>";
		};
		8F0ACFBE1950A40500B3643B /* Classes */ = {
			isa = PBXGroup;
			children = (
				8F0ACFBF1950A40500B3643B /* Cocoa+Categories */,
				8F0ACFC01950A40500B3643B /* Model */,
				8F0ACFC51950A54800B3643B /* Controllers */,
				8F0ACFC21950A40500B3643B /* View */,
			);
			path = Classes;
			sourceTree = "<group>";
		};
		8F0ACFBF1950A40500B3643B /* Cocoa+Categories */ = {
			isa = PBXGroup;
			children = (
				8FF6AA6C198AA41700B22D36 /* UIColor+CreateMethods.h */,
				8FF6AA6D198AA41700B22D36 /* UIColor+CreateMethods.m */,
				8FF6AA21198560E800B22D36 /* UIView+Resizing.h */,
				8FF6AA22198560E800B22D36 /* UIView+Resizing.m */,
				8FF6AA95198AB0E800B22D36 /* UITableView+CellPosition.h */,
				8FF6AA96198AB0E800B22D36 /* UITableView+CellPosition.m */,
			);
			path = "Cocoa+Categories";
			sourceTree = "<group>";
		};
		8F0ACFC01950A40500B3643B /* Model */ = {
			isa = PBXGroup;
			children = (
				8FB866941965B4DB002BAA29 /* UpdateManager */,
				8FB866811960672F002BAA29 /* Downloader */,
				8FB8662019573938002BAA29 /* CoreData */,
			);
			path = Model;
			sourceTree = "<group>";
		};
		8F0ACFC21950A40500B3643B /* View */ = {
			isa = PBXGroup;
			children = (
				8FF6AA63198A9F2900B22D36 /* CustomGroupViews */,
				8FF6AA5F198A9CD200B22D36 /* PositionedTableCell */,
				8FF6AA1919855DE700B22D36 /* Placeholders */,
				8FF6AA1519853E3B00B22D36 /* LecturerCell */,
				8FB8F85E1984214E000110F9 /* SearchGroupCell */,
				8FB8F8541983D0F7000110F9 /* FavouriteCell */,
				8FD9038C197FC3DB00408469 /* TimetableCell */,
				8F8F93F51971ACBB00BEA05B /* DepartmentCell */,
				8FB866B319704C03002BAA29 /* GroupCell */,
			);
			path = View;
			sourceTree = "<group>";
		};
		8F0ACFC31950A41100B3643B /* Resources */ = {
			isa = PBXGroup;
			children = (
				8FFB1575198BA466000AC9BB /* plists */,
				8FFB155B198BA300000AC9BB /* logo */,
				8FF6AA98198AB6F600B22D36 /* arrow.png */,
				8FF6AA99198AB6F600B22D36 /* arrow@2x.png */,
				8F089ED6198FE3A1009DF576 /* warning.png */,
				8F089ED7198FE3A1009DF576 /* warning@2x.png */,
				8F089EDA198FF11F009DF576 /* emergencyicon.png */,
				8F089EDB198FF11F009DF576 /* emergencyicon@2x.png */,
				8F089EDE19900408009DF576 /* plus.png */,
				8F089EDF19900408009DF576 /* plus@2x.png */,
				8F089EE019900408009DF576 /* minus.png */,
				8F089EE119900408009DF576 /* minus@2x.png */,
			);
			path = Resources;
			sourceTree = "<group>";
		};
		8F0ACFC51950A54800B3643B /* Controllers */ = {
			isa = PBXGroup;
			children = (
				8FF6AA1119853D2100B22D36 /* Lecturers */,
				8FB8F85A19841B48000110F9 /* Search */,
				8FD90388197FC14C00408469 /* Timetable */,
				8FB866AF197048B5002BAA29 /* Students */,
				8FB866A5197043B3002BAA29 /* Base */,
				8FB866A1196EF761002BAA29 /* Main */,
			);
			path = Controllers;
			sourceTree = "<group>";
		};
		8F8F93F51971ACBB00BEA05B /* DepartmentCell */ = {
			isa = PBXGroup;
			children = (
				8F8F93F61971ACD200BEA05B /* T3DepartmentCell.h */,
				8F8F93F71971ACD200BEA05B /* T3DepartmentCell.m */,
				8F8F93F91971ACF200BEA05B /* T3DepartmentCell+T3Department.h */,
				8F8F93FA1971ACF200BEA05B /* T3DepartmentCell+T3Department.m */,
			);
			path = DepartmentCell;
			sourceTree = "<group>";
		};
		8FB8662019573938002BAA29 /* CoreData */ = {
			isa = PBXGroup;
			children = (
				8FF6AA3A1986CA2600B22D36 /* Entities */,
				8FB86649195B3005002BAA29 /* Categories */,
				8FB8663919574AB0002BAA29 /* ServerCategories */,
				8FB866211957395C002BAA29 /* TusurTimetable.xcdatamodeld */,
			);
			path = CoreData;
			sourceTree = "<group>";
		};
		8FB8663919574AB0002BAA29 /* ServerCategories */ = {
			isa = PBXGroup;
			children = (
				8FB8663A19574AEF002BAA29 /* T3ServerObject.h */,
				8FB8663B19574AEF002BAA29 /* T3ServerObject.m */,
			);
			path = ServerCategories;
			sourceTree = "<group>";
		};
		8FB86649195B3005002BAA29 /* Categories */ = {
			isa = PBXGroup;
			children = (
				8FB86678195B323C002BAA29 /* T3Lecturer+Server.h */,
				8FB86679195B323C002BAA29 /* T3Lecturer+Server.m */,
				8FB8F84E19838F9E000110F9 /* T3Lecturer+Extension.h */,
				8FB8F84F19838F9E000110F9 /* T3Lecturer+Extension.m */,
				8FB8667B195B3251002BAA29 /* T3Group+Server.h */,
				8FB8667C195B3251002BAA29 /* T3Group+Server.m */,
				8FD9039D198013F100408469 /* T3Group+Extension.h */,
				8FD9039E198013F100408469 /* T3Group+Extension.m */,
				8FB8667E195B326A002BAA29 /* T3Department+Server.h */,
				8FB8667F195B326A002BAA29 /* T3Department+Server.m */,
				8F3968CF1979702F00495104 /* T3SystemInfo+Extension.h */,
				8F3968D01979702F00495104 /* T3SystemInfo+Extension.m */,
				8FD90394197FE1D400408469 /* T3TimeTable+Server.h */,
				8FD90395197FE1D400408469 /* T3TimeTable+Server.m */,
				8FB8F8361980ABDA000110F9 /* T3TimeTable+Extension.h */,
				8FB8F8371980ABDB000110F9 /* T3TimeTable+Extension.m */,
				8FB8F8481982DE35000110F9 /* T3Favourites+Extension.h */,
				8FB8F8491982DE35000110F9 /* T3Favourites+Extension.m */,
			);
			path = Categories;
			sourceTree = "<group>";
		};
		8FB866811960672F002BAA29 /* Downloader */ = {
			isa = PBXGroup;
			children = (
				8FB8668E1964676B002BAA29 /* EGOCache */,
				8FB8668B19645F6D002BAA29 /* T3DownloadManager.h */,
				8FB8668C19645F6D002BAA29 /* T3DownloadManager.m */,
			);
			path = Downloader;
			sourceTree = "<group>";
		};
		8FB8668E1964676B002BAA29 /* EGOCache */ = {
			isa = PBXGroup;
			children = (
				8FB8668F1964676B002BAA29 /* EGOCache.h */,
				8FB866901964676B002BAA29 /* EGOCache.m */,
				8FB866911964676B002BAA29 /* README.mdown */,
			);
			path = EGOCache;
			sourceTree = "<group>";
		};
		8FB866941965B4DB002BAA29 /* UpdateManager */ = {
			isa = PBXGroup;
			children = (
				8FF6AA2419865CB600B22D36 /* Reachability */,
				8FB866951965B814002BAA29 /* T3UpdateManager.h */,
				8FB866961965B814002BAA29 /* T3UpdateManager.m */,
				8FF6AA2819866E6000B22D36 /* T3UpdateItem.h */,
				8FF6AA2919866E6000B22D36 /* T3UpdateItem.m */,
			);
			path = UpdateManager;
			sourceTree = "<group>";
		};
		8FB866A1196EF761002BAA29 /* Main */ = {
			isa = PBXGroup;
			children = (
				8FB866A2196EF78A002BAA29 /* T3MainViewController.h */,
				8FB866A3196EF78A002BAA29 /* T3MainViewController.m */,
			);
			path = Main;
			sourceTree = "<group>";
		};
		8FB866A5197043B3002BAA29 /* Base */ = {
			isa = PBXGroup;
			children = (
				8FB866A619704441002BAA29 /* T3BaseViewController.h */,
				8FB866A719704441002BAA29 /* T3BaseViewController.m */,
				8FB866A9197045A6002BAA29 /* T3BaseTableViewController.h */,
				8FB866AA197045A6002BAA29 /* T3BaseTableViewController.m */,
				8FB866AC1970465D002BAA29 /* T3BaseTableViewControllerWithFetchedResultController.h */,
				8FB866AD1970465D002BAA29 /* T3BaseTableViewControllerWithFetchedResultController.m */,
				8FF6AA9C198ABF9A00B22D36 /* T3BaseViewControllerWithFetchedResultController.h */,
				8FF6AA9D198ABF9A00B22D36 /* T3BaseViewControllerWithFetchedResultController.m */,
			);
			path = Base;
			sourceTree = "<group>";
		};
		8FB866AF197048B5002BAA29 /* Students */ = {
			isa = PBXGroup;
			children = (
				8FB866B0197048D1002BAA29 /* T3GroupsTableViewController.h */,
				8FB866B1197048D1002BAA29 /* T3GroupsTableViewController.m */,
				8F8F93F21971AC2200BEA05B /* T3DepartmentsTableViewController.h */,
				8F8F93F31971AC2200BEA05B /* T3DepartmentsTableViewController.m */,
			);
			path = Students;
			sourceTree = "<group>";
		};
		8FB866B319704C03002BAA29 /* GroupCell */ = {
			isa = PBXGroup;
			children = (
				8FB866B419704C1C002BAA29 /* T3GroupCell.h */,
				8FB866B519704C1C002BAA29 /* T3GroupCell.m */,
				8FB866B719704D79002BAA29 /* T3GroupCell+T3Group.h */,
				8FB866B819704D79002BAA29 /* T3GroupCell+T3Group.m */,
			);
			path = GroupCell;
			sourceTree = "<group>";
		};
		8FB8F8541983D0F7000110F9 /* FavouriteCell */ = {
			isa = PBXGroup;
			children = (
				8FB8F8551983D121000110F9 /* T3FavouriteCell.h */,
				8FB8F8561983D121000110F9 /* T3FavouriteCell.m */,
				8FF6AA90198AAB5E00B22D36 /* T3FavouriteCell.xib */,
			);
			path = FavouriteCell;
			sourceTree = "<group>";
		};
		8FB8F85A19841B48000110F9 /* Search */ = {
			isa = PBXGroup;
			children = (
				8FB8F85B19841B6C000110F9 /* T3SearchGroupViewController.h */,
				8FB8F85C19841B6C000110F9 /* T3SearchGroupViewController.m */,
			);
			path = Search;
			sourceTree = "<group>";
		};
		8FB8F85E1984214E000110F9 /* SearchGroupCell */ = {
			isa = PBXGroup;
			children = (
				8FB8F85F1984216A000110F9 /* T3SearchGroupCell.h */,
				8FB8F8601984216A000110F9 /* T3SearchGroupCell.m */,
			);
			path = SearchGroupCell;
			sourceTree = "<group>";
		};
		8FD90388197FC14C00408469 /* Timetable */ = {
			isa = PBXGroup;
			children = (
				8FD90389197FC18A00408469 /* T3TimetableViewController.h */,
				8FD9038A197FC18A00408469 /* T3TimetableViewController.m */,
			);
			path = Timetable;
			sourceTree = "<group>";
		};
		8FD9038C197FC3DB00408469 /* TimetableCell */ = {
			isa = PBXGroup;
			children = (
				8FD9038D197FC3FA00408469 /* T3TimetableShortCell.h */,
				8FD9038E197FC3FA00408469 /* T3TimetableShortCell.m */,
				8F089ECC198EB8C2009DF576 /* T3TimetableShortCell.xib */,
				8FD90390197FC5D300408469 /* T3TimetableFullCell.h */,
				8FD90391197FC5D300408469 /* T3TimetableFullCell.m */,
				8F089ECE198EB8FA009DF576 /* T3TimetableFullCell.xib */,
				8F089EC6198BE0DD009DF576 /* T3TimetableCell.h */,
				8F089EC7198BE0DD009DF576 /* T3TimetableCell.m */,
			);
			path = TimetableCell;
			sourceTree = "<group>";
		};
		8FF6AA1119853D2100B22D36 /* Lecturers */ = {
			isa = PBXGroup;
			children = (
				8FF6AA1219853D4F00B22D36 /* T3LecturersViewController.h */,
				8FF6AA1319853D4F00B22D36 /* T3LecturersViewController.m */,
			);
			path = Lecturers;
			sourceTree = "<group>";
		};
		8FF6AA1519853E3B00B22D36 /* LecturerCell */ = {
			isa = PBXGroup;
			children = (
				8FF6AA1619853E5F00B22D36 /* T3LecturerCell.h */,
				8FF6AA1719853E5F00B22D36 /* T3LecturerCell.m */,
				8F089ED0198EC059009DF576 /* T3LecturerCell.xib */,
			);
			path = LecturerCell;
			sourceTree = "<group>";
		};
		8FF6AA1919855DE700B22D36 /* Placeholders */ = {
			isa = PBXGroup;
			children = (
				8FF6AA1A19855E0100B22D36 /* T3PlaceholderView.h */,
				8FF6AA1B19855E0100B22D36 /* T3PlaceholderView.m */,
				8FF6AA1F1985605E00B22D36 /* T3PlaceholderView.xib */,
			);
			path = Placeholders;
			sourceTree = "<group>";
		};
		8FF6AA2419865CB600B22D36 /* Reachability */ = {
			isa = PBXGroup;
			children = (
				8FF6AA2519865CC500B22D36 /* Reachability.h */,
				8FF6AA2619865CC500B22D36 /* Reachability.m */,
			);
			path = Reachability;
			sourceTree = "<group>";
		};
		8FF6AA3A1986CA2600B22D36 /* Entities */ = {
			isa = PBXGroup;
			children = (
				8FF6AA591986CA8300B22D36 /* T3SystemInfo.h */,
				8FF6AA5C1986CA8300B22D36 /* T3TimeTable.h */,
				8FF6AA5D1986CA8300B22D36 /* T3TimeTable.m */,
				8FF6AA5A1986CA8300B22D36 /* T3SystemInfo.m */,
				8FF6AA561986CA8300B22D36 /* T3Lecturer.h */,
				8FF6AA571986CA8300B22D36 /* T3Lecturer.m */,
				8FF6AA531986CA8300B22D36 /* T3Favourites.h */,
				8FF6AA541986CA8300B22D36 /* T3Favourites.m */,
				8FF6AA501986CA8200B22D36 /* T3Group.h */,
				8FF6AA511986CA8200B22D36 /* T3Group.m */,
				8FF6AA4D1986CA8200B22D36 /* T3Department.h */,
				8FF6AA4E1986CA8200B22D36 /* T3Department.m */,
			);
			path = Entities;
			sourceTree = "<group>";
		};
		8FF6AA5F198A9CD200B22D36 /* PositionedTableCell */ = {
			isa = PBXGroup;
			children = (
				8FF6AA60198A9CF600B22D36 /* T3PositionedTableCell.h */,
				8FF6AA61198A9CF600B22D36 /* T3PositionedTableCell.m */,
			);
			path = PositionedTableCell;
			sourceTree = "<group>";
		};
		8FF6AA63198A9F2900B22D36 /* CustomGroupViews */ = {
			isa = PBXGroup;
			children = (
				8FF6AA64198A9F4700B22D36 /* T3GroupItemBackgroundView.h */,
				8FF6AA65198A9F4700B22D36 /* T3GroupItemBackgroundView.m */,
				8FF6AA68198AA0C900B22D36 /* T3GroupItemPosition.h */,
				8FF6AA69198AA14A00B22D36 /* T3GroupItemSelectionView.h */,
				8FF6AA6A198AA14A00B22D36 /* T3GroupItemSelectionView.m */,
				8F089EC1198BB6B4009DF576 /* T3GroupItemView.h */,
				8F089EC2198BB6B4009DF576 /* T3GroupItemView.m */,
			);
			path = CustomGroupViews;
			sourceTree = "<group>";
		};
		8FFB155B198BA300000AC9BB /* logo */ = {
			isa = PBXGroup;
			children = (
				8FFB155C198BA300000AC9BB /* logo_ef.png */,
				8FFB155D198BA300000AC9BB /* logo_fb.png */,
				8FFB155E198BA300000AC9BB /* logo_fet.png */,
				8FFB155F198BA300000AC9BB /* logo_fit.png */,
				8FFB1560198BA300000AC9BB /* logo_fsu.png */,
				8FFB1561198BA300000AC9BB /* logo_fvs.png */,
				8FFB1562198BA300000AC9BB /* logo_gf.png */,
				8FFB1563198BA300000AC9BB /* logo_rkf.png */,
				8FFB1564198BA300000AC9BB /* logo_rtf.png */,
				8FFB1565198BA300000AC9BB /* logo_vf.png */,
				8FFB1566198BA300000AC9BB /* logo_yuf.png */,
			);
			path = logo;
			sourceTree = "<group>";
		};
		8FFB1575198BA466000AC9BB /* plists */ = {
			isa = PBXGroup;
			children = (
				8FFB1576198BA480000AC9BB /* DepartmentsLogo.plist */,
				8F089EC4198BD48C009DF576 /* TimetableColors.plist */,
			);
			path = plists;
			sourceTree = "<group>";
		};
/* End PBXGroup section */

/* Begin PBXNativeTarget section */
		8F0ACF8219506EB000B3643B /* TusurTimetable */ = {
			isa = PBXNativeTarget;
			buildConfigurationList = 8F0ACFB819506EB000B3643B /* Build configuration list for PBXNativeTarget "TusurTimetable" */;
			buildPhases = (
				5CC65A6AF9A74C0FB67A36F4 /* Check Pods Manifest.lock */,
				8F0ACF7F19506EB000B3643B /* Sources */,
				8F0ACF8019506EB000B3643B /* Frameworks */,
				8F0ACF8119506EB000B3643B /* Resources */,
				4F4922C72ED04D40BDAD7842 /* Copy Pods Resources */,
			);
			buildRules = (
			);
			dependencies = (
			);
			name = TusurTimetable;
			productName = TusurTimetable;
			productReference = 8F0ACF8319506EB000B3643B /* TusurTimetable.app */;
			productType = "com.apple.product-type.application";
		};
		8F0ACFA619506EB000B3643B /* TusurTimetableTests */ = {
			isa = PBXNativeTarget;
			buildConfigurationList = 8F0ACFBB19506EB000B3643B /* Build configuration list for PBXNativeTarget "TusurTimetableTests" */;
			buildPhases = (
				8F0ACFA319506EB000B3643B /* Sources */,
				8F0ACFA419506EB000B3643B /* Frameworks */,
				8F0ACFA519506EB000B3643B /* Resources */,
			);
			buildRules = (
			);
			dependencies = (
				8F0ACFAD19506EB000B3643B /* PBXTargetDependency */,
			);
			name = TusurTimetableTests;
			productName = TusurTimetableTests;
			productReference = 8F0ACFA719506EB000B3643B /* TusurTimetableTests.xctest */;
			productType = "com.apple.product-type.bundle.unit-test";
		};
/* End PBXNativeTarget section */

/* Begin PBXProject section */
		8F0ACF7B19506EB000B3643B /* Project object */ = {
			isa = PBXProject;
			attributes = {
				CLASSPREFIX = T3;
				LastUpgradeCheck = 0510;
				ORGANIZATIONNAME = Katte;
				TargetAttributes = {
					8F0ACF8219506EB000B3643B = {
						SystemCapabilities = {
							com.apple.BackgroundModes = {
								enabled = 1;
							};
						};
					};
					8F0ACFA619506EB000B3643B = {
						TestTargetID = 8F0ACF8219506EB000B3643B;
					};
				};
			};
			buildConfigurationList = 8F0ACF7E19506EB000B3643B /* Build configuration list for PBXProject "TusurTimetable" */;
			compatibilityVersion = "Xcode 3.2";
			developmentRegion = English;
			hasScannedForEncodings = 0;
			knownRegions = (
				en,
				Base,
			);
			mainGroup = 8F0ACF7A19506EB000B3643B;
			productRefGroup = 8F0ACF8419506EB000B3643B /* Products */;
			projectDirPath = "";
			projectRoot = "";
			targets = (
				8F0ACF8219506EB000B3643B /* TusurTimetable */,
				8F0ACFA619506EB000B3643B /* TusurTimetableTests */,
			);
		};
/* End PBXProject section */

/* Begin PBXResourcesBuildPhase section */
		8F0ACF8119506EB000B3643B /* Resources */ = {
			isa = PBXResourcesBuildPhase;
			buildActionMask = 2147483647;
			files = (
				8F089EDC198FF11F009DF576 /* emergencyicon.png in Resources */,
				8F089EDD198FF11F009DF576 /* emergencyicon@2x.png in Resources */,
				8F089EE319900408009DF576 /* plus@2x.png in Resources */,
				8FF6AA91198AAB5E00B22D36 /* T3FavouriteCell.xib in Resources */,
				8F089ECF198EB8FA009DF576 /* T3TimetableFullCell.xib in Resources */,
				8FFB1577198BA480000AC9BB /* DepartmentsLogo.plist in Resources */,
				8FFB1567198BA300000AC9BB /* logo_ef.png in Resources */,
				8FFB156A198BA300000AC9BB /* logo_fit.png in Resources */,
				8F089EE419900408009DF576 /* minus.png in Resources */,
				8F089EE519900408009DF576 /* minus@2x.png in Resources */,
				8F089EC5198BD48C009DF576 /* TimetableColors.plist in Resources */,
				8F0ACF9D19506EB000B3643B /* Main_iPad.storyboard in Resources */,
				8FF6AA9A198AB6F600B22D36 /* arrow.png in Resources */,
				8FF6AA201985605E00B22D36 /* T3PlaceholderView.xib in Resources */,
				8F089EE219900408009DF576 /* plus.png in Resources */,
				8FFB1568198BA300000AC9BB /* logo_fb.png in Resources */,
				8FF6AA9B198AB6F600B22D36 /* arrow@2x.png in Resources */,
				8F0ACFA219506EB000B3643B /* Images.xcassets in Resources */,
				8FFB1570198BA300000AC9BB /* logo_vf.png in Resources */,
				8F0ACF9A19506EB000B3643B /* Main_iPhone.storyboard in Resources */,
				8FFB1571198BA300000AC9BB /* logo_yuf.png in Resources */,
				8FFB156B198BA300000AC9BB /* logo_fsu.png in Resources */,
				8FFB156C198BA300000AC9BB /* logo_fvs.png in Resources */,
				8F0ACF9119506EB000B3643B /* InfoPlist.strings in Resources */,
				8F089ED1198EC059009DF576 /* T3LecturerCell.xib in Resources */,
				8FFB156D198BA300000AC9BB /* logo_gf.png in Resources */,
				8F089ECD198EB8C2009DF576 /* T3TimetableShortCell.xib in Resources */,
				8FB866931964676B002BAA29 /* README.mdown in Resources */,
				8F089ED9198FE3A1009DF576 /* warning@2x.png in Resources */,
				8F089ED8198FE3A1009DF576 /* warning.png in Resources */,
				8FFB1569198BA300000AC9BB /* logo_fet.png in Resources */,
				8FFB156E198BA300000AC9BB /* logo_rkf.png in Resources */,
				8FFB156F198BA300000AC9BB /* logo_rtf.png in Resources */,
			);
			runOnlyForDeploymentPostprocessing = 0;
		};
		8F0ACFA519506EB000B3643B /* Resources */ = {
			isa = PBXResourcesBuildPhase;
			buildActionMask = 2147483647;
			files = (
				8F0ACFB319506EB000B3643B /* InfoPlist.strings in Resources */,
			);
			runOnlyForDeploymentPostprocessing = 0;
		};
/* End PBXResourcesBuildPhase section */

/* Begin PBXShellScriptBuildPhase section */
		4F4922C72ED04D40BDAD7842 /* Copy Pods Resources */ = {
			isa = PBXShellScriptBuildPhase;
			buildActionMask = 2147483647;
			files = (
			);
			inputPaths = (
			);
			name = "Copy Pods Resources";
			outputPaths = (
			);
			runOnlyForDeploymentPostprocessing = 0;
			shellPath = /bin/sh;
			shellScript = "\"${SRCROOT}/Pods/Pods-resources.sh\"\n";
			showEnvVarsInLog = 0;
		};
		5CC65A6AF9A74C0FB67A36F4 /* Check Pods Manifest.lock */ = {
			isa = PBXShellScriptBuildPhase;
			buildActionMask = 2147483647;
			files = (
			);
			inputPaths = (
			);
			name = "Check Pods Manifest.lock";
			outputPaths = (
			);
			runOnlyForDeploymentPostprocessing = 0;
			shellPath = /bin/sh;
			shellScript = "diff \"${PODS_ROOT}/../Podfile.lock\" \"${PODS_ROOT}/Manifest.lock\" > /dev/null\nif [[ $? != 0 ]] ; then\n    cat << EOM\nerror: The sandbox is not in sync with the Podfile.lock. Run 'pod install' or update your CocoaPods installation.\nEOM\n    exit 1\nfi\n";
			showEnvVarsInLog = 0;
		};
/* End PBXShellScriptBuildPhase section */

/* Begin PBXSourcesBuildPhase section */
		8F0ACF7F19506EB000B3643B /* Sources */ = {
			isa = PBXSourcesBuildPhase;
			buildActionMask = 2147483647;
			files = (
				8FB8F8611984216A000110F9 /* T3SearchGroupCell.m in Sources */,
				8FB8F8381980ABDB000110F9 /* T3TimeTable+Extension.m in Sources */,
				8FF6AA6E198AA41700B22D36 /* UIColor+CreateMethods.m in Sources */,
				8FF6AA9E198ABF9A00B22D36 /* T3BaseViewControllerWithFetchedResultController.m in Sources */,
				8FB866A4196EF78A002BAA29 /* T3MainViewController.m in Sources */,
				8FB8663C19574AEF002BAA29 /* T3ServerObject.m in Sources */,
				8FB866231957395C002BAA29 /* TusurTimetable.xcdatamodeld in Sources */,
				8FB8668D19645F6D002BAA29 /* T3DownloadManager.m in Sources */,
				8FF6AA23198560E800B22D36 /* UIView+Resizing.m in Sources */,
				8FF6AA551986CA8300B22D36 /* T3Favourites.m in Sources */,
				8F089EC3198BB6B4009DF576 /* T3GroupItemView.m in Sources */,
				8FB8F85D19841B6C000110F9 /* T3SearchGroupViewController.m in Sources */,
				8F0ACF9319506EB000B3643B /* main.m in Sources */,
				8FF6AA1C19855E0100B22D36 /* T3PlaceholderView.m in Sources */,
				8FF6AA62198A9CF600B22D36 /* T3PositionedTableCell.m in Sources */,
				8FB8F85019838F9E000110F9 /* T3Lecturer+Extension.m in Sources */,
				8FB8667D195B3251002BAA29 /* T3Group+Server.m in Sources */,
				8FB8667A195B323C002BAA29 /* T3Lecturer+Server.m in Sources */,
				8FB8F84A1982DE35000110F9 /* T3Favourites+Extension.m in Sources */,
				8FB866971965B814002BAA29 /* T3UpdateManager.m in Sources */,
				8FF6AA4F1986CA8200B22D36 /* T3Department.m in Sources */,
				8FF6AA1419853D4F00B22D36 /* T3LecturersViewController.m in Sources */,
				8F089EC8198BE0DD009DF576 /* T3TimetableCell.m in Sources */,
				8FF6AA5E1986CA8300B22D36 /* T3TimeTable.m in Sources */,
				8F8F93FB1971ACF200BEA05B /* T3DepartmentCell+T3Department.m in Sources */,
				8FD90392197FC5D300408469 /* T3TimetableFullCell.m in Sources */,
				8FF6AA521986CA8200B22D36 /* T3Group.m in Sources */,
				8FF6AA97198AB0E800B22D36 /* UITableView+CellPosition.m in Sources */,
				8FB866AE1970465D002BAA29 /* T3BaseTableViewControllerWithFetchedResultController.m in Sources */,
				8F8F93F41971AC2200BEA05B /* T3DepartmentsTableViewController.m in Sources */,
				8FB866B919704D79002BAA29 /* T3GroupCell+T3Group.m in Sources */,
				8FF6AA66198A9F4700B22D36 /* T3GroupItemBackgroundView.m in Sources */,
				8FF6AA581986CA8300B22D36 /* T3Lecturer.m in Sources */,
				8FF6AA2A19866E6000B22D36 /* T3UpdateItem.m in Sources */,
				8FD90396197FE1D400408469 /* T3TimeTable+Server.m in Sources */,
				8F8F93F81971ACD200BEA05B /* T3DepartmentCell.m in Sources */,
				8F3968D11979702F00495104 /* T3SystemInfo+Extension.m in Sources */,
				8FB8F8581983D121000110F9 /* T3FavouriteCell.m in Sources */,
				8FB866AB197045A6002BAA29 /* T3BaseTableViewController.m in Sources */,
				8FB866A819704441002BAA29 /* T3BaseViewController.m in Sources */,
				8FB866B619704C1C002BAA29 /* T3GroupCell.m in Sources */,
				8FB866921964676B002BAA29 /* EGOCache.m in Sources */,
				8FF6AA6B198AA14A00B22D36 /* T3GroupItemSelectionView.m in Sources */,
				8FD9039F198013F100408469 /* T3Group+Extension.m in Sources */,
				8FF6AA2719865CC500B22D36 /* Reachability.m in Sources */,
				8FF6AA5B1986CA8300B22D36 /* T3SystemInfo.m in Sources */,
				8FB86680195B326A002BAA29 /* T3Department+Server.m in Sources */,
				8FB866B2197048D1002BAA29 /* T3GroupsTableViewController.m in Sources */,
				8FF6AA1819853E5F00B22D36 /* T3LecturerCell.m in Sources */,
				8F0ACF9719506EB000B3643B /* T3AppDelegate.m in Sources */,
				8FD9038F197FC3FA00408469 /* T3TimetableShortCell.m in Sources */,
				8FD9038B197FC18A00408469 /* T3TimetableViewController.m in Sources */,
			);
			runOnlyForDeploymentPostprocessing = 0;
		};
		8F0ACFA319506EB000B3643B /* Sources */ = {
			isa = PBXSourcesBuildPhase;
			buildActionMask = 2147483647;
			files = (
				8F0ACFB519506EB000B3643B /* TusurTimetableTests.m in Sources */,
			);
			runOnlyForDeploymentPostprocessing = 0;
		};
/* End PBXSourcesBuildPhase section */

/* Begin PBXTargetDependency section */
		8F0ACFAD19506EB000B3643B /* PBXTargetDependency */ = {
			isa = PBXTargetDependency;
			target = 8F0ACF8219506EB000B3643B /* TusurTimetable */;
			targetProxy = 8F0ACFAC19506EB000B3643B /* PBXContainerItemProxy */;
		};
/* End PBXTargetDependency section */

/* Begin PBXVariantGroup section */
		8F0ACF8F19506EB000B3643B /* InfoPlist.strings */ = {
			isa = PBXVariantGroup;
			children = (
				8F0ACF9019506EB000B3643B /* en */,
			);
			name = InfoPlist.strings;
			sourceTree = "<group>";
		};
		8F0ACF9819506EB000B3643B /* Main_iPhone.storyboard */ = {
			isa = PBXVariantGroup;
			children = (
				8F0ACF9919506EB000B3643B /* Base */,
			);
			name = Main_iPhone.storyboard;
			sourceTree = "<group>";
		};
		8F0ACF9B19506EB000B3643B /* Main_iPad.storyboard */ = {
			isa = PBXVariantGroup;
			children = (
				8F0ACF9C19506EB000B3643B /* Base */,
			);
			name = Main_iPad.storyboard;
			sourceTree = "<group>";
		};
		8F0ACFB119506EB000B3643B /* InfoPlist.strings */ = {
			isa = PBXVariantGroup;
			children = (
				8F0ACFB219506EB000B3643B /* en */,
			);
			name = InfoPlist.strings;
			sourceTree = "<group>";
		};
/* End PBXVariantGroup section */

/* Begin XCBuildConfiguration section */
		8F0ACFB619506EB000B3643B /* Debug */ = {
			isa = XCBuildConfiguration;
			buildSettings = {
				ALWAYS_SEARCH_USER_PATHS = NO;
				CLANG_CXX_LANGUAGE_STANDARD = "gnu++0x";
				CLANG_CXX_LIBRARY = "libc++";
				CLANG_ENABLE_MODULES = YES;
				CLANG_ENABLE_OBJC_ARC = YES;
				CLANG_WARN_BOOL_CONVERSION = YES;
				CLANG_WARN_CONSTANT_CONVERSION = YES;
				CLANG_WARN_DIRECT_OBJC_ISA_USAGE = YES_ERROR;
				CLANG_WARN_EMPTY_BODY = YES;
				CLANG_WARN_ENUM_CONVERSION = YES;
				CLANG_WARN_INT_CONVERSION = YES;
				CLANG_WARN_OBJC_ROOT_CLASS = YES_ERROR;
				CLANG_WARN__DUPLICATE_METHOD_MATCH = YES;
				"CODE_SIGN_IDENTITY[sdk=iphoneos*]" = "iPhone Developer: Ekaterina Lukovnikova (SRVV6PVGL9)";
				COPY_PHASE_STRIP = NO;
				GCC_C_LANGUAGE_STANDARD = gnu99;
				GCC_DYNAMIC_NO_PIC = NO;
				GCC_OPTIMIZATION_LEVEL = 0;
				GCC_PREPROCESSOR_DEFINITIONS = (
					"DEBUG=1",
					"$(inherited)",
				);
				GCC_SYMBOLS_PRIVATE_EXTERN = NO;
				GCC_WARN_64_TO_32_BIT_CONVERSION = YES;
				GCC_WARN_ABOUT_RETURN_TYPE = YES_ERROR;
				GCC_WARN_UNDECLARED_SELECTOR = YES;
				GCC_WARN_UNINITIALIZED_AUTOS = YES_AGGRESSIVE;
				GCC_WARN_UNUSED_FUNCTION = YES;
				GCC_WARN_UNUSED_VARIABLE = YES;
				IPHONEOS_DEPLOYMENT_TARGET = 7.1;
				ONLY_ACTIVE_ARCH = YES;
				SDKROOT = iphoneos;
				TARGETED_DEVICE_FAMILY = "1,2";
			};
			name = Debug;
		};
		8F0ACFB719506EB000B3643B /* Release */ = {
			isa = XCBuildConfiguration;
			buildSettings = {
				ALWAYS_SEARCH_USER_PATHS = NO;
				CLANG_CXX_LANGUAGE_STANDARD = "gnu++0x";
				CLANG_CXX_LIBRARY = "libc++";
				CLANG_ENABLE_MODULES = YES;
				CLANG_ENABLE_OBJC_ARC = YES;
				CLANG_WARN_BOOL_CONVERSION = YES;
				CLANG_WARN_CONSTANT_CONVERSION = YES;
				CLANG_WARN_DIRECT_OBJC_ISA_USAGE = YES_ERROR;
				CLANG_WARN_EMPTY_BODY = YES;
				CLANG_WARN_ENUM_CONVERSION = YES;
				CLANG_WARN_INT_CONVERSION = YES;
				CLANG_WARN_OBJC_ROOT_CLASS = YES_ERROR;
				CLANG_WARN__DUPLICATE_METHOD_MATCH = YES;
				"CODE_SIGN_IDENTITY[sdk=iphoneos*]" = "iPhone Developer: Ekaterina Lukovnikova (SRVV6PVGL9)";
				COPY_PHASE_STRIP = YES;
				ENABLE_NS_ASSERTIONS = NO;
				GCC_C_LANGUAGE_STANDARD = gnu99;
				GCC_WARN_64_TO_32_BIT_CONVERSION = YES;
				GCC_WARN_ABOUT_RETURN_TYPE = YES_ERROR;
				GCC_WARN_UNDECLARED_SELECTOR = YES;
				GCC_WARN_UNINITIALIZED_AUTOS = YES_AGGRESSIVE;
				GCC_WARN_UNUSED_FUNCTION = YES;
				GCC_WARN_UNUSED_VARIABLE = YES;
				IPHONEOS_DEPLOYMENT_TARGET = 7.1;
				SDKROOT = iphoneos;
				TARGETED_DEVICE_FAMILY = "1,2";
				VALIDATE_PRODUCT = YES;
			};
			name = Release;
		};
		8F0ACFB919506EB000B3643B /* Debug */ = {
			isa = XCBuildConfiguration;
			baseConfigurationReference = 57FD1E7AE6A74AA694B7BE90 /* Pods.xcconfig */;
			buildSettings = {
				ASSETCATALOG_COMPILER_APPICON_NAME = AppIcon;
				ASSETCATALOG_COMPILER_LAUNCHIMAGE_NAME = LaunchImage;
				GCC_PRECOMPILE_PREFIX_HEADER = YES;
				GCC_PREFIX_HEADER = "TusurTimetable/TusurTimetable-Prefix.pch";
				INFOPLIST_FILE = "TusurTimetable/TusurTimetable-Info.plist";
				IPHONEOS_DEPLOYMENT_TARGET = 7.0;
				PRODUCT_NAME = "$(TARGET_NAME)";
				TARGETED_DEVICE_FAMILY = 1;
				WRAPPER_EXTENSION = app;
			};
			name = Debug;
		};
		8F0ACFBA19506EB000B3643B /* Release */ = {
			isa = XCBuildConfiguration;
			baseConfigurationReference = 57FD1E7AE6A74AA694B7BE90 /* Pods.xcconfig */;
			buildSettings = {
				ASSETCATALOG_COMPILER_APPICON_NAME = AppIcon;
				ASSETCATALOG_COMPILER_LAUNCHIMAGE_NAME = LaunchImage;
				GCC_PRECOMPILE_PREFIX_HEADER = YES;
				GCC_PREFIX_HEADER = "TusurTimetable/TusurTimetable-Prefix.pch";
				INFOPLIST_FILE = "TusurTimetable/TusurTimetable-Info.plist";
				IPHONEOS_DEPLOYMENT_TARGET = 7.0;
				PRODUCT_NAME = "$(TARGET_NAME)";
				TARGETED_DEVICE_FAMILY = 1;
				WRAPPER_EXTENSION = app;
			};
			name = Release;
		};
		8F0ACFBC19506EB000B3643B /* Debug */ = {
			isa = XCBuildConfiguration;
			buildSettings = {
				BUNDLE_LOADER = "$(BUILT_PRODUCTS_DIR)/TusurTimetable.app/TusurTimetable";
				FRAMEWORK_SEARCH_PATHS = (
					"$(SDKROOT)/Developer/Library/Frameworks",
					"$(inherited)",
					"$(DEVELOPER_FRAMEWORKS_DIR)",
				);
				GCC_PRECOMPILE_PREFIX_HEADER = YES;
				GCC_PREFIX_HEADER = "TusurTimetable/TusurTimetable-Prefix.pch";
				GCC_PREPROCESSOR_DEFINITIONS = (
					"DEBUG=1",
					"$(inherited)",
				);
				INFOPLIST_FILE = "TusurTimetableTests/TusurTimetableTests-Info.plist";
				PRODUCT_NAME = "$(TARGET_NAME)";
				TEST_HOST = "$(BUNDLE_LOADER)";
				WRAPPER_EXTENSION = xctest;
			};
			name = Debug;
		};
		8F0ACFBD19506EB000B3643B /* Release */ = {
			isa = XCBuildConfiguration;
			buildSettings = {
				BUNDLE_LOADER = "$(BUILT_PRODUCTS_DIR)/TusurTimetable.app/TusurTimetable";
				FRAMEWORK_SEARCH_PATHS = (
					"$(SDKROOT)/Developer/Library/Frameworks",
					"$(inherited)",
					"$(DEVELOPER_FRAMEWORKS_DIR)",
				);
				GCC_PRECOMPILE_PREFIX_HEADER = YES;
				GCC_PREFIX_HEADER = "TusurTimetable/TusurTimetable-Prefix.pch";
				INFOPLIST_FILE = "TusurTimetableTests/TusurTimetableTests-Info.plist";
				PRODUCT_NAME = "$(TARGET_NAME)";
				TEST_HOST = "$(BUNDLE_LOADER)";
				WRAPPER_EXTENSION = xctest;
			};
			name = Release;
		};
/* End XCBuildConfiguration section */

/* Begin XCConfigurationList section */
		8F0ACF7E19506EB000B3643B /* Build configuration list for PBXProject "TusurTimetable" */ = {
			isa = XCConfigurationList;
			buildConfigurations = (
				8F0ACFB619506EB000B3643B /* Debug */,
				8F0ACFB719506EB000B3643B /* Release */,
			);
			defaultConfigurationIsVisible = 0;
			defaultConfigurationName = Release;
		};
		8F0ACFB819506EB000B3643B /* Build configuration list for PBXNativeTarget "TusurTimetable" */ = {
			isa = XCConfigurationList;
			buildConfigurations = (
				8F0ACFB919506EB000B3643B /* Debug */,
				8F0ACFBA19506EB000B3643B /* Release */,
			);
			defaultConfigurationIsVisible = 0;
			defaultConfigurationName = Release;
		};
		8F0ACFBB19506EB000B3643B /* Build configuration list for PBXNativeTarget "TusurTimetableTests" */ = {
			isa = XCConfigurationList;
			buildConfigurations = (
				8F0ACFBC19506EB000B3643B /* Debug */,
				8F0ACFBD19506EB000B3643B /* Release */,
			);
			defaultConfigurationIsVisible = 0;
			defaultConfigurationName = Release;
		};
/* End XCConfigurationList section */

/* Begin XCVersionGroup section */
		8FB866211957395C002BAA29 /* TusurTimetable.xcdatamodeld */ = {
			isa = XCVersionGroup;
			children = (
				8FB866221957395C002BAA29 /* TusurTimetable.xcdatamodel */,
			);
			currentVersion = 8FB866221957395C002BAA29 /* TusurTimetable.xcdatamodel */;
			path = TusurTimetable.xcdatamodeld;
			sourceTree = "<group>";
			versionGroupType = wrapper.xcdatamodel;
		};
/* End XCVersionGroup section */
	};
	rootObject = 8F0ACF7B19506EB000B3643B /* Project object */;
}
